// !$*UTF8*$!
{
	archiveVersion = 1;
	classes = {
	};
	objectVersion = 51;
	objects = {

/* Begin PBXBuildFile section */
		B7F9ACF2D87B38D87F914D44 /* Pods_Exemplary_App.framework in Frameworks */ = {isa = PBXBuildFile; fileRef = 3863D75FCB1A5BC69EF20808 /* Pods_Exemplary_App.framework */; };
		BA1277C426EE6300006B4CEF /* DateFormatter.swift in Sources */ = {isa = PBXBuildFile; fileRef = BA1277C326EE6300006B4CEF /* DateFormatter.swift */; };
		BA28E110272DA301009223BA /* ActiveButton.swift in Sources */ = {isa = PBXBuildFile; fileRef = BA28E10F272DA300009223BA /* ActiveButton.swift */; };
		BA3BA4D82711C21B0095E9F9 /* Router.swift in Sources */ = {isa = PBXBuildFile; fileRef = BA3BA4D72711C21B0095E9F9 /* Router.swift */; };
		BA3BA4DB271207720095E9F9 /* Animator.swift in Sources */ = {isa = PBXBuildFile; fileRef = BA3BA4DA271207720095E9F9 /* Animator.swift */; };
		BA3BA4DE271207A60095E9F9 /* Transition.swift in Sources */ = {isa = PBXBuildFile; fileRef = BA3BA4DD271207A60095E9F9 /* Transition.swift */; };
		BA3BA4E0271207C90095E9F9 /* PushTransition.swift in Sources */ = {isa = PBXBuildFile; fileRef = BA3BA4DF271207C90095E9F9 /* PushTransition.swift */; };
		BA3BA4E2271207DB0095E9F9 /* ModalTransition.swift in Sources */ = {isa = PBXBuildFile; fileRef = BA3BA4E1271207DB0095E9F9 /* ModalTransition.swift */; };
		BA3E1153274A834100EA2EE4 /* StorageHelper.swift in Sources */ = {isa = PBXBuildFile; fileRef = BA3E1152274A834100EA2EE4 /* StorageHelper.swift */; };
		BA3E1157274A9BC700EA2EE4 /* TaskService.swift in Sources */ = {isa = PBXBuildFile; fileRef = BA3E1156274A9BC700EA2EE4 /* TaskService.swift */; };
		BA3E1159274A9FF100EA2EE4 /* Task+CoreDataClass.swift in Sources */ = {isa = PBXBuildFile; fileRef = BA3E1158274A9FF100EA2EE4 /* Task+CoreDataClass.swift */; };
		BA476C312709B48500A07DF3 /* Constants.swift in Sources */ = {isa = PBXBuildFile; fileRef = BA476C302709B48500A07DF3 /* Constants.swift */; };
		BA6881AD272ECF5400BBEB4B /* CalendarHelper.swift in Sources */ = {isa = PBXBuildFile; fileRef = BA6881AC272ECF5400BBEB4B /* CalendarHelper.swift */; };
		BA753976274B9C1200D4728B /* CommonError.swift in Sources */ = {isa = PBXBuildFile; fileRef = BA753975274B9C1200D4728B /* CommonError.swift */; };
		BA753978274BAEE500D4728B /* TaskDate+CoreDataClass.swift in Sources */ = {isa = PBXBuildFile; fileRef = BA753977274BAEE500D4728B /* TaskDate+CoreDataClass.swift */; };
		BA93643227556F4B0061EFDA /* R.generated.swift in Sources */ = {isa = PBXBuildFile; fileRef = BA93643127556F4B0061EFDA /* R.generated.swift */; };
		BA936436275628EE0061EFDA /* TaskStorageHelper.swift in Sources */ = {isa = PBXBuildFile; fileRef = BA936435275628EE0061EFDA /* TaskStorageHelper.swift */; };
		BA9618CF2726F4AB00D958A6 /* Localizable.strings in Resources */ = {isa = PBXBuildFile; fileRef = BA9618D12726F4AB00D958A6 /* Localizable.strings */; };
		BA97FC4E2753B97F00709759 /* TaskListViewController.swift in Sources */ = {isa = PBXBuildFile; fileRef = BA97FC4A2753B97F00709759 /* TaskListViewController.swift */; };
		BA97FC4F2753B97F00709759 /* TaskListModule.swift in Sources */ = {isa = PBXBuildFile; fileRef = BA97FC4B2753B97F00709759 /* TaskListModule.swift */; };
		BA97FC502753B97F00709759 /* TaskListPresenter.swift in Sources */ = {isa = PBXBuildFile; fileRef = BA97FC4C2753B97F00709759 /* TaskListPresenter.swift */; };
		BA97FC512753B97F00709759 /* TaskListRouter.swift in Sources */ = {isa = PBXBuildFile; fileRef = BA97FC4D2753B97F00709759 /* TaskListRouter.swift */; };
		BA97FC572753BA8F00709759 /* TaskListService.swift in Sources */ = {isa = PBXBuildFile; fileRef = BA97FC562753BA8F00709759 /* TaskListService.swift */; };
		BAAC02F5275279CE00861610 /* UITableView.swift in Sources */ = {isa = PBXBuildFile; fileRef = BAAC02F4275279CE00861610 /* UITableView.swift */; };
		BAAF5A4B26DBABCD001A2545 /* AppDelegate.swift in Sources */ = {isa = PBXBuildFile; fileRef = BAAF5A4A26DBABCD001A2545 /* AppDelegate.swift */; };
		BAAF5A4D26DBABCD001A2545 /* SceneDelegate.swift in Sources */ = {isa = PBXBuildFile; fileRef = BAAF5A4C26DBABCD001A2545 /* SceneDelegate.swift */; };
		BAAF5A5426DBABD1001A2545 /* Assets.xcassets in Resources */ = {isa = PBXBuildFile; fileRef = BAAF5A5326DBABD1001A2545 /* Assets.xcassets */; };
		BAAF5A5726DBABD1001A2545 /* LaunchScreen.storyboard in Resources */ = {isa = PBXBuildFile; fileRef = BAAF5A5526DBABD1001A2545 /* LaunchScreen.storyboard */; };
		BAAF5A6B26DBAE14001A2545 /* RootModule.swift in Sources */ = {isa = PBXBuildFile; fileRef = BAAF5A6A26DBAE14001A2545 /* RootModule.swift */; };
		BAAF5A6D26DBAE1F001A2545 /* RootPresenter.swift in Sources */ = {isa = PBXBuildFile; fileRef = BAAF5A6C26DBAE1F001A2545 /* RootPresenter.swift */; };
		BAAF5A6F26DBAE29001A2545 /* RootRouter.swift in Sources */ = {isa = PBXBuildFile; fileRef = BAAF5A6E26DBAE29001A2545 /* RootRouter.swift */; };
		BAAF5A7326DBAE9A001A2545 /* Theme.swift in Sources */ = {isa = PBXBuildFile; fileRef = BAAF5A7226DBAE9A001A2545 /* Theme.swift */; };
		BAAF5A8726DBF229001A2545 /* TaskTableViewCell.swift in Sources */ = {isa = PBXBuildFile; fileRef = BAAF5A8626DBF229001A2545 /* TaskTableViewCell.swift */; };
		BAB48CAA2749569200ECB333 /* Exemplary_App.xcdatamodeld in Sources */ = {isa = PBXBuildFile; fileRef = BAB48CA82749569200ECB333 /* Exemplary_App.xcdatamodeld */; };
		BAB4D10D27281E0E0047676F /* InputTextView.swift in Sources */ = {isa = PBXBuildFile; fileRef = BAB4D10C27281E0E0047676F /* InputTextView.swift */; };
		BABD2E86274686DF00C3D177 /* UIImage.swift in Sources */ = {isa = PBXBuildFile; fileRef = BABD2E85274686DF00C3D177 /* UIImage.swift */; };
		BABD2E8827468AD600C3D177 /* TaskCreation.swift in Sources */ = {isa = PBXBuildFile; fileRef = BABD2E8727468AD600C3D177 /* TaskCreation.swift */; };
		BABD2E8A2746967D00C3D177 /* TaskPresenter.swift in Sources */ = {isa = PBXBuildFile; fileRef = BABD2E892746967D00C3D177 /* TaskPresenter.swift */; };
		BAC8C1812754FF6E00DE4260 /* UIViewController.swift in Sources */ = {isa = PBXBuildFile; fileRef = BAC8C1802754FF6E00DE4260 /* UIViewController.swift */; };
		BACC2B48273439DA001C3A46 /* Date.swift in Sources */ = {isa = PBXBuildFile; fileRef = BACC2B47273439DA001C3A46 /* Date.swift */; };
		BAE03D53271DB2B800F07F9D /* TaskViewController.swift in Sources */ = {isa = PBXBuildFile; fileRef = BAE03D52271DB2B800F07F9D /* TaskViewController.swift */; };
		BAE03D57271DB2D900F07F9D /* TaskRouter.swift in Sources */ = {isa = PBXBuildFile; fileRef = BAE03D56271DB2D900F07F9D /* TaskRouter.swift */; };
		BAE03D59271DB2E500F07F9D /* TaskModule.swift in Sources */ = {isa = PBXBuildFile; fileRef = BAE03D58271DB2E500F07F9D /* TaskModule.swift */; };
		BAE03D60271DB80500F07F9D /* BottomContainerRouter.swift in Sources */ = {isa = PBXBuildFile; fileRef = BAE03D5F271DB80500F07F9D /* BottomContainerRouter.swift */; };
		BAE03D62271DB86800F07F9D /* BottomContainerViewController.swift in Sources */ = {isa = PBXBuildFile; fileRef = BAE03D61271DB86800F07F9D /* BottomContainerViewController.swift */; };
		BAE03D64271DBB6300F07F9D /* BottomContainerModule.swift in Sources */ = {isa = PBXBuildFile; fileRef = BAE03D63271DBB6300F07F9D /* BottomContainerModule.swift */; };
		BAE03D66271DBBAF00F07F9D /* BottomContainerPresenter.swift in Sources */ = {isa = PBXBuildFile; fileRef = BAE03D65271DBBAF00F07F9D /* BottomContainerPresenter.swift */; };
		BAE8B30D272EBC3D00B73726 /* CalendarView.swift in Sources */ = {isa = PBXBuildFile; fileRef = BAE8B30C272EBC3D00B73726 /* CalendarView.swift */; };
		BAE8B30F272EC88300B73726 /* CalendarCollectionViewCell.swift in Sources */ = {isa = PBXBuildFile; fileRef = BAE8B30E272EC88300B73726 /* CalendarCollectionViewCell.swift */; };
		BAE92665272A98EE00CDAE4D /* SelectDateViewController.swift in Sources */ = {isa = PBXBuildFile; fileRef = BAE92661272A98EE00CDAE4D /* SelectDateViewController.swift */; };
		BAE92666272A98EE00CDAE4D /* SelectDateModule.swift in Sources */ = {isa = PBXBuildFile; fileRef = BAE92662272A98EE00CDAE4D /* SelectDateModule.swift */; };
		BAE92667272A98EE00CDAE4D /* SelectDatePresenter.swift in Sources */ = {isa = PBXBuildFile; fileRef = BAE92663272A98EE00CDAE4D /* SelectDatePresenter.swift */; };
		BAE92668272A98EE00CDAE4D /* SelectDateRouter.swift in Sources */ = {isa = PBXBuildFile; fileRef = BAE92664272A98EE00CDAE4D /* SelectDateRouter.swift */; };
		BAE9266F272AA2B400CDAE4D /* TwoButtonBar.swift in Sources */ = {isa = PBXBuildFile; fileRef = BAE9266E272AA2B400CDAE4D /* TwoButtonBar.swift */; };
/* End PBXBuildFile section */

/* Begin PBXFileReference section */
		3863D75FCB1A5BC69EF20808 /* Pods_Exemplary_App.framework */ = {isa = PBXFileReference; explicitFileType = wrapper.framework; includeInIndex = 0; path = Pods_Exemplary_App.framework; sourceTree = BUILT_PRODUCTS_DIR; };
		BA1277C326EE6300006B4CEF /* DateFormatter.swift */ = {isa = PBXFileReference; lastKnownFileType = sourcecode.swift; path = DateFormatter.swift; sourceTree = "<group>"; };
		BA28E10F272DA300009223BA /* ActiveButton.swift */ = {isa = PBXFileReference; lastKnownFileType = sourcecode.swift; path = ActiveButton.swift; sourceTree = "<group>"; };
		BA3BA4D72711C21B0095E9F9 /* Router.swift */ = {isa = PBXFileReference; lastKnownFileType = sourcecode.swift; path = Router.swift; sourceTree = "<group>"; };
		BA3BA4DA271207720095E9F9 /* Animator.swift */ = {isa = PBXFileReference; lastKnownFileType = sourcecode.swift; path = Animator.swift; sourceTree = "<group>"; };
		BA3BA4DD271207A60095E9F9 /* Transition.swift */ = {isa = PBXFileReference; lastKnownFileType = sourcecode.swift; path = Transition.swift; sourceTree = "<group>"; };
		BA3BA4DF271207C90095E9F9 /* PushTransition.swift */ = {isa = PBXFileReference; lastKnownFileType = sourcecode.swift; path = PushTransition.swift; sourceTree = "<group>"; };
		BA3BA4E1271207DB0095E9F9 /* ModalTransition.swift */ = {isa = PBXFileReference; lastKnownFileType = sourcecode.swift; path = ModalTransition.swift; sourceTree = "<group>"; };
		BA3E1152274A834100EA2EE4 /* StorageHelper.swift */ = {isa = PBXFileReference; lastKnownFileType = sourcecode.swift; path = StorageHelper.swift; sourceTree = "<group>"; };
		BA3E1156274A9BC700EA2EE4 /* TaskService.swift */ = {isa = PBXFileReference; lastKnownFileType = sourcecode.swift; path = TaskService.swift; sourceTree = "<group>"; };
		BA3E1158274A9FF100EA2EE4 /* Task+CoreDataClass.swift */ = {isa = PBXFileReference; lastKnownFileType = sourcecode.swift; path = "Task+CoreDataClass.swift"; sourceTree = "<group>"; };
		BA476C302709B48500A07DF3 /* Constants.swift */ = {isa = PBXFileReference; lastKnownFileType = sourcecode.swift; path = Constants.swift; sourceTree = "<group>"; };
		BA6881AC272ECF5400BBEB4B /* CalendarHelper.swift */ = {isa = PBXFileReference; lastKnownFileType = sourcecode.swift; path = CalendarHelper.swift; sourceTree = "<group>"; };
		BA753975274B9C1200D4728B /* CommonError.swift */ = {isa = PBXFileReference; lastKnownFileType = sourcecode.swift; path = CommonError.swift; sourceTree = "<group>"; };
		BA753977274BAEE500D4728B /* TaskDate+CoreDataClass.swift */ = {isa = PBXFileReference; lastKnownFileType = sourcecode.swift; path = "TaskDate+CoreDataClass.swift"; sourceTree = "<group>"; };
		BA93643127556F4B0061EFDA /* R.generated.swift */ = {isa = PBXFileReference; fileEncoding = 4; lastKnownFileType = sourcecode.swift; path = R.generated.swift; sourceTree = "<group>"; };
		BA936435275628EE0061EFDA /* TaskStorageHelper.swift */ = {isa = PBXFileReference; lastKnownFileType = sourcecode.swift; path = TaskStorageHelper.swift; sourceTree = "<group>"; };
		BA9618D02726F4AB00D958A6 /* en */ = {isa = PBXFileReference; lastKnownFileType = text.plist.strings; name = en; path = en.lproj/Localizable.strings; sourceTree = "<group>"; };
		BA97FC4A2753B97F00709759 /* TaskListViewController.swift */ = {isa = PBXFileReference; lastKnownFileType = sourcecode.swift; path = TaskListViewController.swift; sourceTree = "<group>"; };
		BA97FC4B2753B97F00709759 /* TaskListModule.swift */ = {isa = PBXFileReference; lastKnownFileType = sourcecode.swift; path = TaskListModule.swift; sourceTree = "<group>"; };
		BA97FC4C2753B97F00709759 /* TaskListPresenter.swift */ = {isa = PBXFileReference; lastKnownFileType = sourcecode.swift; path = TaskListPresenter.swift; sourceTree = "<group>"; };
		BA97FC4D2753B97F00709759 /* TaskListRouter.swift */ = {isa = PBXFileReference; lastKnownFileType = sourcecode.swift; path = TaskListRouter.swift; sourceTree = "<group>"; };
		BA97FC562753BA8F00709759 /* TaskListService.swift */ = {isa = PBXFileReference; lastKnownFileType = sourcecode.swift; path = TaskListService.swift; sourceTree = "<group>"; };
		BAAC02F4275279CE00861610 /* UITableView.swift */ = {isa = PBXFileReference; lastKnownFileType = sourcecode.swift; path = UITableView.swift; sourceTree = "<group>"; };
		BAAF5A4726DBABCD001A2545 /* Exemplary App.app */ = {isa = PBXFileReference; explicitFileType = wrapper.application; includeInIndex = 0; path = "Exemplary App.app"; sourceTree = BUILT_PRODUCTS_DIR; };
		BAAF5A4A26DBABCD001A2545 /* AppDelegate.swift */ = {isa = PBXFileReference; lastKnownFileType = sourcecode.swift; path = AppDelegate.swift; sourceTree = "<group>"; };
		BAAF5A4C26DBABCD001A2545 /* SceneDelegate.swift */ = {isa = PBXFileReference; lastKnownFileType = sourcecode.swift; path = SceneDelegate.swift; sourceTree = "<group>"; };
		BAAF5A5326DBABD1001A2545 /* Assets.xcassets */ = {isa = PBXFileReference; lastKnownFileType = folder.assetcatalog; name = Assets.xcassets; path = "Exemplary App/Resources/Assets.xcassets"; sourceTree = SOURCE_ROOT; };
		BAAF5A5626DBABD1001A2545 /* Base */ = {isa = PBXFileReference; lastKnownFileType = file.storyboard; name = Base; path = Base.lproj/LaunchScreen.storyboard; sourceTree = "<group>"; };
		BAAF5A5826DBABD1001A2545 /* Info.plist */ = {isa = PBXFileReference; lastKnownFileType = text.plist.xml; path = Info.plist; sourceTree = "<group>"; };
		BAAF5A6A26DBAE14001A2545 /* RootModule.swift */ = {isa = PBXFileReference; lastKnownFileType = sourcecode.swift; path = RootModule.swift; sourceTree = "<group>"; };
		BAAF5A6C26DBAE1F001A2545 /* RootPresenter.swift */ = {isa = PBXFileReference; lastKnownFileType = sourcecode.swift; path = RootPresenter.swift; sourceTree = "<group>"; };
		BAAF5A6E26DBAE29001A2545 /* RootRouter.swift */ = {isa = PBXFileReference; lastKnownFileType = sourcecode.swift; path = RootRouter.swift; sourceTree = "<group>"; };
		BAAF5A7226DBAE9A001A2545 /* Theme.swift */ = {isa = PBXFileReference; lastKnownFileType = sourcecode.swift; path = Theme.swift; sourceTree = "<group>"; };
		BAAF5A8626DBF229001A2545 /* TaskTableViewCell.swift */ = {isa = PBXFileReference; lastKnownFileType = sourcecode.swift; path = TaskTableViewCell.swift; sourceTree = "<group>"; };
		BAB48CA92749569200ECB333 /* Exemplary_App.xcdatamodel */ = {isa = PBXFileReference; lastKnownFileType = wrapper.xcdatamodel; path = Exemplary_App.xcdatamodel; sourceTree = "<group>"; };
		BAB4D10C27281E0E0047676F /* InputTextView.swift */ = {isa = PBXFileReference; lastKnownFileType = sourcecode.swift; path = InputTextView.swift; sourceTree = "<group>"; };
		BABD2E85274686DF00C3D177 /* UIImage.swift */ = {isa = PBXFileReference; lastKnownFileType = sourcecode.swift; path = UIImage.swift; sourceTree = "<group>"; };
		BABD2E8727468AD600C3D177 /* TaskCreation.swift */ = {isa = PBXFileReference; lastKnownFileType = sourcecode.swift; path = TaskCreation.swift; sourceTree = "<group>"; };
		BABD2E892746967D00C3D177 /* TaskPresenter.swift */ = {isa = PBXFileReference; fileEncoding = 4; lastKnownFileType = sourcecode.swift; path = TaskPresenter.swift; sourceTree = "<group>"; };
		BAC8C1802754FF6E00DE4260 /* UIViewController.swift */ = {isa = PBXFileReference; lastKnownFileType = sourcecode.swift; path = UIViewController.swift; sourceTree = "<group>"; };
		BACC2B47273439DA001C3A46 /* Date.swift */ = {isa = PBXFileReference; lastKnownFileType = sourcecode.swift; path = Date.swift; sourceTree = "<group>"; };
		BAE03D52271DB2B800F07F9D /* TaskViewController.swift */ = {isa = PBXFileReference; lastKnownFileType = sourcecode.swift; path = TaskViewController.swift; sourceTree = "<group>"; };
		BAE03D56271DB2D900F07F9D /* TaskRouter.swift */ = {isa = PBXFileReference; lastKnownFileType = sourcecode.swift; path = TaskRouter.swift; sourceTree = "<group>"; };
		BAE03D58271DB2E500F07F9D /* TaskModule.swift */ = {isa = PBXFileReference; lastKnownFileType = sourcecode.swift; path = TaskModule.swift; sourceTree = "<group>"; };
		BAE03D5F271DB80500F07F9D /* BottomContainerRouter.swift */ = {isa = PBXFileReference; lastKnownFileType = sourcecode.swift; path = BottomContainerRouter.swift; sourceTree = "<group>"; };
		BAE03D61271DB86800F07F9D /* BottomContainerViewController.swift */ = {isa = PBXFileReference; lastKnownFileType = sourcecode.swift; path = BottomContainerViewController.swift; sourceTree = "<group>"; };
		BAE03D63271DBB6300F07F9D /* BottomContainerModule.swift */ = {isa = PBXFileReference; lastKnownFileType = sourcecode.swift; path = BottomContainerModule.swift; sourceTree = "<group>"; };
		BAE03D65271DBBAF00F07F9D /* BottomContainerPresenter.swift */ = {isa = PBXFileReference; lastKnownFileType = sourcecode.swift; path = BottomContainerPresenter.swift; sourceTree = "<group>"; };
		BAE8B30C272EBC3D00B73726 /* CalendarView.swift */ = {isa = PBXFileReference; lastKnownFileType = sourcecode.swift; path = CalendarView.swift; sourceTree = "<group>"; };
		BAE8B30E272EC88300B73726 /* CalendarCollectionViewCell.swift */ = {isa = PBXFileReference; lastKnownFileType = sourcecode.swift; path = CalendarCollectionViewCell.swift; sourceTree = "<group>"; };
		BAE92661272A98EE00CDAE4D /* SelectDateViewController.swift */ = {isa = PBXFileReference; lastKnownFileType = sourcecode.swift; path = SelectDateViewController.swift; sourceTree = "<group>"; };
		BAE92662272A98EE00CDAE4D /* SelectDateModule.swift */ = {isa = PBXFileReference; lastKnownFileType = sourcecode.swift; path = SelectDateModule.swift; sourceTree = "<group>"; };
		BAE92663272A98EE00CDAE4D /* SelectDatePresenter.swift */ = {isa = PBXFileReference; lastKnownFileType = sourcecode.swift; path = SelectDatePresenter.swift; sourceTree = "<group>"; };
		BAE92664272A98EE00CDAE4D /* SelectDateRouter.swift */ = {isa = PBXFileReference; lastKnownFileType = sourcecode.swift; path = SelectDateRouter.swift; sourceTree = "<group>"; };
		BAE9266E272AA2B400CDAE4D /* TwoButtonBar.swift */ = {isa = PBXFileReference; lastKnownFileType = sourcecode.swift; path = TwoButtonBar.swift; sourceTree = "<group>"; };
		CED41B0247C9B620EB17BDF4 /* Pods-Exemplary App.release.xcconfig */ = {isa = PBXFileReference; includeInIndex = 1; lastKnownFileType = text.xcconfig; name = "Pods-Exemplary App.release.xcconfig"; path = "Target Support Files/Pods-Exemplary App/Pods-Exemplary App.release.xcconfig"; sourceTree = "<group>"; };
		FE6E4FCC5C1CB9CFADB99874 /* Pods-Exemplary App.debug.xcconfig */ = {isa = PBXFileReference; includeInIndex = 1; lastKnownFileType = text.xcconfig; name = "Pods-Exemplary App.debug.xcconfig"; path = "Target Support Files/Pods-Exemplary App/Pods-Exemplary App.debug.xcconfig"; sourceTree = "<group>"; };
/* End PBXFileReference section */

/* Begin PBXFrameworksBuildPhase section */
		BAAF5A4426DBABCD001A2545 /* Frameworks */ = {
			isa = PBXFrameworksBuildPhase;
			buildActionMask = 2147483647;
			files = (
				B7F9ACF2D87B38D87F914D44 /* Pods_Exemplary_App.framework in Frameworks */,
			);
			runOnlyForDeploymentPostprocessing = 0;
		};
/* End PBXFrameworksBuildPhase section */

/* Begin PBXGroup section */
		3DD1DDE7E8E1E5DEAB49078A /* Frameworks */ = {
			isa = PBXGroup;
			children = (
				3863D75FCB1A5BC69EF20808 /* Pods_Exemplary_App.framework */,
			);
			name = Frameworks;
			sourceTree = "<group>";
		};
		9397701F2592043905848589 /* Pods */ = {
			isa = PBXGroup;
			children = (
				FE6E4FCC5C1CB9CFADB99874 /* Pods-Exemplary App.debug.xcconfig */,
				CED41B0247C9B620EB17BDF4 /* Pods-Exemplary App.release.xcconfig */,
			);
			path = Pods;
			sourceTree = "<group>";
		};
		BA0DA63827299B3A00CEA2D6 /* Models */ = {
			isa = PBXGroup;
			children = (
				BA3E1158274A9FF100EA2EE4 /* Task+CoreDataClass.swift */,
				BA753977274BAEE500D4728B /* TaskDate+CoreDataClass.swift */,
			);
			path = Models;
			sourceTree = "<group>";
		};
		BA0DA63D2729B32B00CEA2D6 /* SelectDate */ = {
			isa = PBXGroup;
			children = (
				BAE9266C272A996D00CDAE4D /* Module */,
				BAE9266B272A996400CDAE4D /* View */,
				BAE9266A272A995B00CDAE4D /* Presenter */,
				BAE92669272A995300CDAE4D /* Router */,
			);
			path = SelectDate;
			sourceTree = "<group>";
		};
		BA1277C026EE62D4006B4CEF /* Extensions */ = {
			isa = PBXGroup;
			children = (
				BAAC02F3275279BD00861610 /* UI */,
				BA1277C326EE6300006B4CEF /* DateFormatter.swift */,
				BACC2B47273439DA001C3A46 /* Date.swift */,
			);
			path = Extensions;
			sourceTree = "<group>";
		};
		BA3BA4D92711C8760095E9F9 /* Routing */ = {
			isa = PBXGroup;
			children = (
				BA3BA4DC2712078E0095E9F9 /* Transitions */,
				BA3BA4D72711C21B0095E9F9 /* Router.swift */,
				BA3BA4DA271207720095E9F9 /* Animator.swift */,
			);
			path = Routing;
			sourceTree = "<group>";
		};
		BA3BA4DC2712078E0095E9F9 /* Transitions */ = {
			isa = PBXGroup;
			children = (
				BA3BA4DD271207A60095E9F9 /* Transition.swift */,
				BA3BA4DF271207C90095E9F9 /* PushTransition.swift */,
				BA3BA4E1271207DB0095E9F9 /* ModalTransition.swift */,
			);
			path = Transitions;
			sourceTree = "<group>";
		};
		BA770D70274A475E001FB4C2 /* ActiveButton */ = {
			isa = PBXGroup;
			children = (
				BA28E10F272DA300009223BA /* ActiveButton.swift */,
			);
			path = ActiveButton;
			sourceTree = "<group>";
		};
		BA93643027556EDA0061EFDA /* Generated */ = {
			isa = PBXGroup;
			children = (
				BA93643127556F4B0061EFDA /* R.generated.swift */,
			);
			path = Generated;
			sourceTree = "<group>";
		};
		BA936434275628CC0061EFDA /* Helpers */ = {
			isa = PBXGroup;
			children = (
				BA3E1152274A834100EA2EE4 /* StorageHelper.swift */,
				BA936435275628EE0061EFDA /* TaskStorageHelper.swift */,
			);
			path = Helpers;
			sourceTree = "<group>";
		};
		BA97FC492753B95300709759 /* TaskList */ = {
			isa = PBXGroup;
			children = (
				BA97FC532753B99A00709759 /* Module */,
				BA97FC552753B9AC00709759 /* View */,
				BA97FC542753B9A200709759 /* Presenter */,
				BA97FC522753B99000709759 /* Router */,
			);
			path = TaskList;
			sourceTree = "<group>";
		};
		BA97FC522753B99000709759 /* Router */ = {
			isa = PBXGroup;
			children = (
				BA97FC4D2753B97F00709759 /* TaskListRouter.swift */,
			);
			path = Router;
			sourceTree = "<group>";
		};
		BA97FC532753B99A00709759 /* Module */ = {
			isa = PBXGroup;
			children = (
				BA97FC4B2753B97F00709759 /* TaskListModule.swift */,
			);
			path = Module;
			sourceTree = "<group>";
		};
		BA97FC542753B9A200709759 /* Presenter */ = {
			isa = PBXGroup;
			children = (
				BA97FC4C2753B97F00709759 /* TaskListPresenter.swift */,
				BA97FC562753BA8F00709759 /* TaskListService.swift */,
			);
			path = Presenter;
			sourceTree = "<group>";
		};
		BA97FC552753B9AC00709759 /* View */ = {
			isa = PBXGroup;
			children = (
				BA97FC4A2753B97F00709759 /* TaskListViewController.swift */,
			);
			path = View;
			sourceTree = "<group>";
		};
		BAAC02F3275279BD00861610 /* UI */ = {
			isa = PBXGroup;
			children = (
				BABD2E85274686DF00C3D177 /* UIImage.swift */,
				BAAC02F4275279CE00861610 /* UITableView.swift */,
				BAC8C1802754FF6E00DE4260 /* UIViewController.swift */,
			);
			path = UI;
			sourceTree = "<group>";
		};
		BAAF5A3E26DBABCD001A2545 = {
			isa = PBXGroup;
			children = (
				BAAF5A4926DBABCD001A2545 /* Exemplary App */,
				BAAF5A4826DBABCD001A2545 /* Products */,
				9397701F2592043905848589 /* Pods */,
				3DD1DDE7E8E1E5DEAB49078A /* Frameworks */,
			);
			sourceTree = "<group>";
		};
		BAAF5A4826DBABCD001A2545 /* Products */ = {
			isa = PBXGroup;
			children = (
				BAAF5A4726DBABCD001A2545 /* Exemplary App.app */,
			);
			name = Products;
			sourceTree = "<group>";
		};
		BAAF5A4926DBABCD001A2545 /* Exemplary App */ = {
			isa = PBXGroup;
			children = (
				BAAF5A5E26DBABE1001A2545 /* Application */,
				BAAF5A5F26DBAC0A001A2545 /* Storage */,
				BAAF5A6026DBAC19001A2545 /* Modules */,
				BAAF5A6126DBAC27001A2545 /* Common */,
				BAAF5A6226DBAC2E001A2545 /* Resources */,
				BAAF5A5826DBABD1001A2545 /* Info.plist */,
				BAAF5A6326DBAC39001A2545 /* SupportingFiles */,
			);
			path = "Exemplary App";
			sourceTree = "<group>";
		};
		BAAF5A5E26DBABE1001A2545 /* Application */ = {
			isa = PBXGroup;
			children = (
				BAAF5A4A26DBABCD001A2545 /* AppDelegate.swift */,
				BAAF5A4C26DBABCD001A2545 /* SceneDelegate.swift */,
			);
			path = Application;
			sourceTree = "<group>";
		};
		BAAF5A5F26DBAC0A001A2545 /* Storage */ = {
			isa = PBXGroup;
			children = (
				BAB48CA82749569200ECB333 /* Exemplary_App.xcdatamodeld */,
				BA0DA63827299B3A00CEA2D6 /* Models */,
				BA936434275628CC0061EFDA /* Helpers */,
				BA753975274B9C1200D4728B /* CommonError.swift */,
			);
			path = Storage;
			sourceTree = "<group>";
		};
		BAAF5A6026DBAC19001A2545 /* Modules */ = {
			isa = PBXGroup;
			children = (
				BAAF5A6626DBADE6001A2545 /* Root */,
				BA97FC492753B95300709759 /* TaskList */,
				BA0DA63D2729B32B00CEA2D6 /* SelectDate */,
				BAE03D4D271DB24C00F07F9D /* Task */,
			);
			path = Modules;
			sourceTree = "<group>";
		};
		BAAF5A6126DBAC27001A2545 /* Common */ = {
			isa = PBXGroup;
			children = (
				BAE03D5A271DB75C00F07F9D /* BottomContainer */,
				BA3BA4D92711C8760095E9F9 /* Routing */,
				BA1277C026EE62D4006B4CEF /* Extensions */,
				BAAF5A7026DBAE7D001A2545 /* Theme */,
				BAAF5A7126DBAE85001A2545 /* UI */,
			);
			path = Common;
			sourceTree = "<group>";
		};
		BAAF5A6226DBAC2E001A2545 /* Resources */ = {
			isa = PBXGroup;
			children = (
				BAAF5A5326DBABD1001A2545 /* Assets.xcassets */,
				BA9618D12726F4AB00D958A6 /* Localizable.strings */,
			);
			path = Resources;
			sourceTree = "<group>";
		};
		BAAF5A6326DBAC39001A2545 /* SupportingFiles */ = {
			isa = PBXGroup;
			children = (
				BA93643027556EDA0061EFDA /* Generated */,
				BAAF5A5526DBABD1001A2545 /* LaunchScreen.storyboard */,
				BA476C302709B48500A07DF3 /* Constants.swift */,
			);
			path = SupportingFiles;
			sourceTree = "<group>";
		};
		BAAF5A6626DBADE6001A2545 /* Root */ = {
			isa = PBXGroup;
			children = (
				BAAF5A6926DBADF8001A2545 /* Module */,
				BAAF5A6826DBADF3001A2545 /* Presenter */,
				BAAF5A6726DBADEA001A2545 /* Router */,
			);
			path = Root;
			sourceTree = "<group>";
		};
		BAAF5A6726DBADEA001A2545 /* Router */ = {
			isa = PBXGroup;
			children = (
				BAAF5A6E26DBAE29001A2545 /* RootRouter.swift */,
			);
			path = Router;
			sourceTree = "<group>";
		};
		BAAF5A6826DBADF3001A2545 /* Presenter */ = {
			isa = PBXGroup;
			children = (
				BAAF5A6C26DBAE1F001A2545 /* RootPresenter.swift */,
			);
			path = Presenter;
			sourceTree = "<group>";
		};
		BAAF5A6926DBADF8001A2545 /* Module */ = {
			isa = PBXGroup;
			children = (
				BAAF5A6A26DBAE14001A2545 /* RootModule.swift */,
			);
			path = Module;
			sourceTree = "<group>";
		};
		BAAF5A7026DBAE7D001A2545 /* Theme */ = {
			isa = PBXGroup;
			children = (
				BAAF5A7226DBAE9A001A2545 /* Theme.swift */,
			);
			path = Theme;
			sourceTree = "<group>";
		};
		BAAF5A7126DBAE85001A2545 /* UI */ = {
			isa = PBXGroup;
			children = (
				BA770D70274A475E001FB4C2 /* ActiveButton */,
				BAE8B30B272EBC0D00B73726 /* CalendarView */,
				BAE9266D272AA2A000CDAE4D /* TwoButtonBar */,
				BAB4D10B27281DC40047676F /* TextViews */,
			);
			path = UI;
			sourceTree = "<group>";
		};
		BAB4D10B27281DC40047676F /* TextViews */ = {
			isa = PBXGroup;
			children = (
				BAB4D10C27281E0E0047676F /* InputTextView.swift */,
			);
			path = TextViews;
			sourceTree = "<group>";
		};
		BAE03D4D271DB24C00F07F9D /* Task */ = {
			isa = PBXGroup;
			children = (
				BAE03D51271DB27F00F07F9D /* Module */,
				BAE03D50271DB27800F07F9D /* View */,
				BAE03D4F271DB26E00F07F9D /* Presenter */,
				BAE03D4E271DB25C00F07F9D /* Router */,
			);
			path = Task;
			sourceTree = "<group>";
		};
		BAE03D4E271DB25C00F07F9D /* Router */ = {
			isa = PBXGroup;
			children = (
				BAE03D56271DB2D900F07F9D /* TaskRouter.swift */,
			);
			path = Router;
			sourceTree = "<group>";
		};
		BAE03D4F271DB26E00F07F9D /* Presenter */ = {
			isa = PBXGroup;
			children = (
				BABD2E892746967D00C3D177 /* TaskPresenter.swift */,
				BA3E1156274A9BC700EA2EE4 /* TaskService.swift */,
				BABD2E8727468AD600C3D177 /* TaskCreation.swift */,
			);
			path = Presenter;
			sourceTree = "<group>";
		};
		BAE03D50271DB27800F07F9D /* View */ = {
			isa = PBXGroup;
			children = (
				BAAF5A8626DBF229001A2545 /* TaskTableViewCell.swift */,
				BAE03D52271DB2B800F07F9D /* TaskViewController.swift */,
			);
			path = View;
			sourceTree = "<group>";
		};
		BAE03D51271DB27F00F07F9D /* Module */ = {
			isa = PBXGroup;
			children = (
				BAE03D58271DB2E500F07F9D /* TaskModule.swift */,
			);
			path = Module;
			sourceTree = "<group>";
		};
		BAE03D5A271DB75C00F07F9D /* BottomContainer */ = {
			isa = PBXGroup;
			children = (
				BAE03D5E271DB7E800F07F9D /* Module */,
				BAE03D5D271DB7DE00F07F9D /* View */,
				BAE03D5C271DB7D600F07F9D /* Presenter */,
				BAE03D5B271DB7CA00F07F9D /* Router */,
			);
			path = BottomContainer;
			sourceTree = "<group>";
		};
		BAE03D5B271DB7CA00F07F9D /* Router */ = {
			isa = PBXGroup;
			children = (
				BAE03D5F271DB80500F07F9D /* BottomContainerRouter.swift */,
			);
			path = Router;
			sourceTree = "<group>";
		};
		BAE03D5C271DB7D600F07F9D /* Presenter */ = {
			isa = PBXGroup;
			children = (
				BAE03D65271DBBAF00F07F9D /* BottomContainerPresenter.swift */,
			);
			path = Presenter;
			sourceTree = "<group>";
		};
		BAE03D5D271DB7DE00F07F9D /* View */ = {
			isa = PBXGroup;
			children = (
				BAE03D61271DB86800F07F9D /* BottomContainerViewController.swift */,
			);
			path = View;
			sourceTree = "<group>";
		};
		BAE03D5E271DB7E800F07F9D /* Module */ = {
			isa = PBXGroup;
			children = (
				BAE03D63271DBB6300F07F9D /* BottomContainerModule.swift */,
			);
			path = Module;
			sourceTree = "<group>";
		};
		BAE8B30B272EBC0D00B73726 /* CalendarView */ = {
			isa = PBXGroup;
			children = (
				BAE8B30C272EBC3D00B73726 /* CalendarView.swift */,
				BAE8B30E272EC88300B73726 /* CalendarCollectionViewCell.swift */,
				BA6881AC272ECF5400BBEB4B /* CalendarHelper.swift */,
			);
			path = CalendarView;
			sourceTree = "<group>";
		};
		BAE92669272A995300CDAE4D /* Router */ = {
			isa = PBXGroup;
			children = (
				BAE92664272A98EE00CDAE4D /* SelectDateRouter.swift */,
			);
			path = Router;
			sourceTree = "<group>";
		};
		BAE9266A272A995B00CDAE4D /* Presenter */ = {
			isa = PBXGroup;
			children = (
				BAE92663272A98EE00CDAE4D /* SelectDatePresenter.swift */,
			);
			path = Presenter;
			sourceTree = "<group>";
		};
		BAE9266B272A996400CDAE4D /* View */ = {
			isa = PBXGroup;
			children = (
				BAE92661272A98EE00CDAE4D /* SelectDateViewController.swift */,
			);
			path = View;
			sourceTree = "<group>";
		};
		BAE9266C272A996D00CDAE4D /* Module */ = {
			isa = PBXGroup;
			children = (
				BAE92662272A98EE00CDAE4D /* SelectDateModule.swift */,
			);
			path = Module;
			sourceTree = "<group>";
		};
		BAE9266D272AA2A000CDAE4D /* TwoButtonBar */ = {
			isa = PBXGroup;
			children = (
				BAE9266E272AA2B400CDAE4D /* TwoButtonBar.swift */,
			);
			path = TwoButtonBar;
			sourceTree = "<group>";
		};
/* End PBXGroup section */

/* Begin PBXNativeTarget section */
		BAAF5A4626DBABCD001A2545 /* Exemplary App */ = {
			isa = PBXNativeTarget;
			buildConfigurationList = BAAF5A5B26DBABD1001A2545 /* Build configuration list for PBXNativeTarget "Exemplary App" */;
			buildPhases = (
				33645C2C0DD41E17CCABC4FE /* [CP] Check Pods Manifest.lock */,
				BA9618DB27270A4500D958A6 /* R.swift */,
				BAAF5A4326DBABCD001A2545 /* Sources */,
				BAAF5A4426DBABCD001A2545 /* Frameworks */,
				BAAF5A4526DBABCD001A2545 /* Resources */,
				3C4F9CD414CF18CD2E6A944C /* [CP] Embed Pods Frameworks */,
				BA936433275618A40061EFDA /* SwiftLint */,
			);
			buildRules = (
			);
			dependencies = (
			);
			name = "Exemplary App";
			productName = "Exemplary App";
			productReference = BAAF5A4726DBABCD001A2545 /* Exemplary App.app */;
			productType = "com.apple.product-type.application";
		};
/* End PBXNativeTarget section */

/* Begin PBXProject section */
		BAAF5A3F26DBABCD001A2545 /* Project object */ = {
			isa = PBXProject;
			attributes = {
				LastSwiftUpdateCheck = 1250;
				LastUpgradeCheck = 1250;
				TargetAttributes = {
					BAAF5A4626DBABCD001A2545 = {
						CreatedOnToolsVersion = 12.5.1;
					};
				};
			};
			buildConfigurationList = BAAF5A4226DBABCD001A2545 /* Build configuration list for PBXProject "Exemplary App" */;
			compatibilityVersion = "Xcode 9.3";
			developmentRegion = en;
			hasScannedForEncodings = 0;
			knownRegions = (
				en,
				Base,
			);
			mainGroup = BAAF5A3E26DBABCD001A2545;
			productRefGroup = BAAF5A4826DBABCD001A2545 /* Products */;
			projectDirPath = "";
			projectRoot = "";
			targets = (
				BAAF5A4626DBABCD001A2545 /* Exemplary App */,
			);
		};
/* End PBXProject section */

/* Begin PBXResourcesBuildPhase section */
		BAAF5A4526DBABCD001A2545 /* Resources */ = {
			isa = PBXResourcesBuildPhase;
			buildActionMask = 2147483647;
			files = (
				BAAF5A5726DBABD1001A2545 /* LaunchScreen.storyboard in Resources */,
				BA9618CF2726F4AB00D958A6 /* Localizable.strings in Resources */,
				BAAF5A5426DBABD1001A2545 /* Assets.xcassets in Resources */,
			);
			runOnlyForDeploymentPostprocessing = 0;
		};
/* End PBXResourcesBuildPhase section */

/* Begin PBXShellScriptBuildPhase section */
		33645C2C0DD41E17CCABC4FE /* [CP] Check Pods Manifest.lock */ = {
			isa = PBXShellScriptBuildPhase;
			buildActionMask = 2147483647;
			files = (
			);
			inputFileListPaths = (
			);
			inputPaths = (
				"${PODS_PODFILE_DIR_PATH}/Podfile.lock",
				"${PODS_ROOT}/Manifest.lock",
			);
			name = "[CP] Check Pods Manifest.lock";
			outputFileListPaths = (
			);
			outputPaths = (
				"$(DERIVED_FILE_DIR)/Pods-Exemplary App-checkManifestLockResult.txt",
			);
			runOnlyForDeploymentPostprocessing = 0;
			shellPath = /bin/sh;
			shellScript = "diff \"${PODS_PODFILE_DIR_PATH}/Podfile.lock\" \"${PODS_ROOT}/Manifest.lock\" > /dev/null\nif [ $? != 0 ] ; then\n    # print error to STDERR\n    echo \"error: The sandbox is not in sync with the Podfile.lock. Run 'pod install' or update your CocoaPods installation.\" >&2\n    exit 1\nfi\n# This output is used by Xcode 'outputs' to avoid re-running this script phase.\necho \"SUCCESS\" > \"${SCRIPT_OUTPUT_FILE_0}\"\n";
			showEnvVarsInLog = 0;
		};
		3C4F9CD414CF18CD2E6A944C /* [CP] Embed Pods Frameworks */ = {
			isa = PBXShellScriptBuildPhase;
			buildActionMask = 2147483647;
			files = (
			);
			inputFileListPaths = (
				"${PODS_ROOT}/Target Support Files/Pods-Exemplary App/Pods-Exemplary App-frameworks-${CONFIGURATION}-input-files.xcfilelist",
			);
			name = "[CP] Embed Pods Frameworks";
			outputFileListPaths = (
				"${PODS_ROOT}/Target Support Files/Pods-Exemplary App/Pods-Exemplary App-frameworks-${CONFIGURATION}-output-files.xcfilelist",
			);
			runOnlyForDeploymentPostprocessing = 0;
			shellPath = /bin/sh;
			shellScript = "\"${PODS_ROOT}/Target Support Files/Pods-Exemplary App/Pods-Exemplary App-frameworks.sh\"\n";
			showEnvVarsInLog = 0;
		};
		BA936433275618A40061EFDA /* SwiftLint */ = {
			isa = PBXShellScriptBuildPhase;
			buildActionMask = 2147483647;
			files = (
			);
			inputFileListPaths = (
			);
			inputPaths = (
			);
			name = SwiftLint;
			outputFileListPaths = (
			);
			outputPaths = (
			);
			runOnlyForDeploymentPostprocessing = 0;
			shellPath = /bin/sh;
			shellScript = "if which swiftlint >/dev/null; then\n  swiftlint\nelse\n  echo \"warning: SwiftLint not installed, download from https://github.com/realm/SwiftLint\"\nfi\n";
		};
		BA9618DB27270A4500D958A6 /* R.swift */ = {
			isa = PBXShellScriptBuildPhase;
			buildActionMask = 2147483647;
			files = (
			);
			inputFileListPaths = (
			);
			inputPaths = (
				"$TEMP_DIR/rswift-lastrun",
			);
			name = R.swift;
			outputFileListPaths = (
			);
			outputPaths = (
				"$SRCROOT/${PROJECT_NAME}/SupportingFiles/Generated/R.generated.swift",
			);
			runOnlyForDeploymentPostprocessing = 0;
			shellPath = /bin/sh;
			shellScript = "if [ $ACTION != \"indexbuild\" ]; then\n  \"$PODS_ROOT/R.swift/rswift\" generate \"$SRCROOT/${PROJECT_NAME}/SupportingFiles/Generated/R.generated.swift\"\nfi\n";
		};
/* End PBXShellScriptBuildPhase section */

/* Begin PBXSourcesBuildPhase section */
		BAAF5A4326DBABCD001A2545 /* Sources */ = {
			isa = PBXSourcesBuildPhase;
			buildActionMask = 2147483647;
			files = (
				BA753978274BAEE500D4728B /* TaskDate+CoreDataClass.swift in Sources */,
				BA3BA4DE271207A60095E9F9 /* Transition.swift in Sources */,
				BA3BA4DB271207720095E9F9 /* Animator.swift in Sources */,
				BA3BA4E0271207C90095E9F9 /* PushTransition.swift in Sources */,
				BA97FC4E2753B97F00709759 /* TaskListViewController.swift in Sources */,
				BAE92667272A98EE00CDAE4D /* SelectDatePresenter.swift in Sources */,
				BAE92665272A98EE00CDAE4D /* SelectDateViewController.swift in Sources */,
				BAAF5A6D26DBAE1F001A2545 /* RootPresenter.swift in Sources */,
				BAB48CAA2749569200ECB333 /* Exemplary_App.xcdatamodeld in Sources */,
				BAE03D64271DBB6300F07F9D /* BottomContainerModule.swift in Sources */,
				BA3E1159274A9FF100EA2EE4 /* Task+CoreDataClass.swift in Sources */,
				BAAC02F5275279CE00861610 /* UITableView.swift in Sources */,
				BAAF5A6B26DBAE14001A2545 /* RootModule.swift in Sources */,
				BAB4D10D27281E0E0047676F /* InputTextView.swift in Sources */,
				BAAF5A4B26DBABCD001A2545 /* AppDelegate.swift in Sources */,
				BAE92666272A98EE00CDAE4D /* SelectDateModule.swift in Sources */,
				BA3E1157274A9BC700EA2EE4 /* TaskService.swift in Sources */,
				BAE03D57271DB2D900F07F9D /* TaskRouter.swift in Sources */,
				BACC2B48273439DA001C3A46 /* Date.swift in Sources */,
				BA1277C426EE6300006B4CEF /* DateFormatter.swift in Sources */,
				BAE03D60271DB80500F07F9D /* BottomContainerRouter.swift in Sources */,
				BAE8B30F272EC88300B73726 /* CalendarCollectionViewCell.swift in Sources */,
				BA97FC4F2753B97F00709759 /* TaskListModule.swift in Sources */,
				BA3BA4D82711C21B0095E9F9 /* Router.swift in Sources */,
				BABD2E8827468AD600C3D177 /* TaskCreation.swift in Sources */,
				BAE9266F272AA2B400CDAE4D /* TwoButtonBar.swift in Sources */,
				BAE03D59271DB2E500F07F9D /* TaskModule.swift in Sources */,
				BAC8C1812754FF6E00DE4260 /* UIViewController.swift in Sources */,
				BABD2E8A2746967D00C3D177 /* TaskPresenter.swift in Sources */,
				BA28E110272DA301009223BA /* ActiveButton.swift in Sources */,
				BAAF5A6F26DBAE29001A2545 /* RootRouter.swift in Sources */,
				BAE03D53271DB2B800F07F9D /* TaskViewController.swift in Sources */,
				BA936436275628EE0061EFDA /* TaskStorageHelper.swift in Sources */,
				BABD2E86274686DF00C3D177 /* UIImage.swift in Sources */,
				BA97FC572753BA8F00709759 /* TaskListService.swift in Sources */,
				BA753976274B9C1200D4728B /* CommonError.swift in Sources */,
				BA6881AD272ECF5400BBEB4B /* CalendarHelper.swift in Sources */,
				BA93643227556F4B0061EFDA /* R.generated.swift in Sources */,
				BA97FC512753B97F00709759 /* TaskListRouter.swift in Sources */,
				BAE03D62271DB86800F07F9D /* BottomContainerViewController.swift in Sources */,
				BA3E1153274A834100EA2EE4 /* StorageHelper.swift in Sources */,
				BAE92668272A98EE00CDAE4D /* SelectDateRouter.swift in Sources */,
				BAE03D66271DBBAF00F07F9D /* BottomContainerPresenter.swift in Sources */,
				BAAF5A4D26DBABCD001A2545 /* SceneDelegate.swift in Sources */,
				BA3BA4E2271207DB0095E9F9 /* ModalTransition.swift in Sources */,
				BA97FC502753B97F00709759 /* TaskListPresenter.swift in Sources */,
				BAAF5A8726DBF229001A2545 /* TaskTableViewCell.swift in Sources */,
				BA476C312709B48500A07DF3 /* Constants.swift in Sources */,
				BAE8B30D272EBC3D00B73726 /* CalendarView.swift in Sources */,
				BAAF5A7326DBAE9A001A2545 /* Theme.swift in Sources */,
			);
			runOnlyForDeploymentPostprocessing = 0;
		};
/* End PBXSourcesBuildPhase section */

/* Begin PBXVariantGroup section */
		BA9618D12726F4AB00D958A6 /* Localizable.strings */ = {
			isa = PBXVariantGroup;
			children = (
				BA9618D02726F4AB00D958A6 /* en */,
			);
			name = Localizable.strings;
			sourceTree = "<group>";
		};
		BAAF5A5526DBABD1001A2545 /* LaunchScreen.storyboard */ = {
			isa = PBXVariantGroup;
			children = (
				BAAF5A5626DBABD1001A2545 /* Base */,
			);
			name = LaunchScreen.storyboard;
			sourceTree = "<group>";
		};
/* End PBXVariantGroup section */

/* Begin XCBuildConfiguration section */
		BAAF5A5926DBABD1001A2545 /* Debug */ = {
			isa = XCBuildConfiguration;
			buildSettings = {
				ALWAYS_SEARCH_USER_PATHS = NO;
				CLANG_ANALYZER_LOCALIZABILITY_NONLOCALIZED = YES;
				CLANG_ANALYZER_NONNULL = YES;
				CLANG_ANALYZER_NUMBER_OBJECT_CONVERSION = YES_AGGRESSIVE;
				CLANG_CXX_LANGUAGE_STANDARD = "gnu++14";
				CLANG_CXX_LIBRARY = "libc++";
				CLANG_ENABLE_MODULES = YES;
				CLANG_ENABLE_OBJC_ARC = YES;
				CLANG_ENABLE_OBJC_WEAK = YES;
				CLANG_WARN_BLOCK_CAPTURE_AUTORELEASING = YES;
				CLANG_WARN_BOOL_CONVERSION = YES;
				CLANG_WARN_COMMA = YES;
				CLANG_WARN_CONSTANT_CONVERSION = YES;
				CLANG_WARN_DEPRECATED_OBJC_IMPLEMENTATIONS = YES;
				CLANG_WARN_DIRECT_OBJC_ISA_USAGE = YES_ERROR;
				CLANG_WARN_DOCUMENTATION_COMMENTS = YES;
				CLANG_WARN_EMPTY_BODY = YES;
				CLANG_WARN_ENUM_CONVERSION = YES;
				CLANG_WARN_INFINITE_RECURSION = YES;
				CLANG_WARN_INT_CONVERSION = YES;
				CLANG_WARN_NON_LITERAL_NULL_CONVERSION = YES;
				CLANG_WARN_OBJC_IMPLICIT_RETAIN_SELF = YES;
				CLANG_WARN_OBJC_LITERAL_CONVERSION = YES;
				CLANG_WARN_OBJC_ROOT_CLASS = YES_ERROR;
				CLANG_WARN_QUOTED_INCLUDE_IN_FRAMEWORK_HEADER = YES;
				CLANG_WARN_RANGE_LOOP_ANALYSIS = YES;
				CLANG_WARN_STRICT_PROTOTYPES = YES;
				CLANG_WARN_SUSPICIOUS_MOVE = YES;
				CLANG_WARN_UNGUARDED_AVAILABILITY = YES_AGGRESSIVE;
				CLANG_WARN_UNREACHABLE_CODE = YES;
				CLANG_WARN__DUPLICATE_METHOD_MATCH = YES;
				COPY_PHASE_STRIP = NO;
				DEBUG_INFORMATION_FORMAT = dwarf;
				ENABLE_STRICT_OBJC_MSGSEND = YES;
				ENABLE_TESTABILITY = YES;
				GCC_C_LANGUAGE_STANDARD = gnu11;
				GCC_DYNAMIC_NO_PIC = NO;
				GCC_NO_COMMON_BLOCKS = YES;
				GCC_OPTIMIZATION_LEVEL = 0;
				GCC_PREPROCESSOR_DEFINITIONS = (
					"DEBUG=1",
					"$(inherited)",
				);
				GCC_WARN_64_TO_32_BIT_CONVERSION = YES;
				GCC_WARN_ABOUT_RETURN_TYPE = YES_ERROR;
				GCC_WARN_UNDECLARED_SELECTOR = YES;
				GCC_WARN_UNINITIALIZED_AUTOS = YES_AGGRESSIVE;
				GCC_WARN_UNUSED_FUNCTION = YES;
				GCC_WARN_UNUSED_VARIABLE = YES;
				INFOPLIST_KEY_UIUserInterfaceStyle = Light;
				IPHONEOS_DEPLOYMENT_TARGET = 14.5;
				MTL_ENABLE_DEBUG_INFO = INCLUDE_SOURCE;
				MTL_FAST_MATH = YES;
				ONLY_ACTIVE_ARCH = YES;
				SDKROOT = iphoneos;
				SWIFT_ACTIVE_COMPILATION_CONDITIONS = DEBUG;
				SWIFT_OPTIMIZATION_LEVEL = "-Onone";
			};
			name = Debug;
		};
		BAAF5A5A26DBABD1001A2545 /* Release */ = {
			isa = XCBuildConfiguration;
			buildSettings = {
				ALWAYS_SEARCH_USER_PATHS = NO;
				CLANG_ANALYZER_LOCALIZABILITY_NONLOCALIZED = YES;
				CLANG_ANALYZER_NONNULL = YES;
				CLANG_ANALYZER_NUMBER_OBJECT_CONVERSION = YES_AGGRESSIVE;
				CLANG_CXX_LANGUAGE_STANDARD = "gnu++14";
				CLANG_CXX_LIBRARY = "libc++";
				CLANG_ENABLE_MODULES = YES;
				CLANG_ENABLE_OBJC_ARC = YES;
				CLANG_ENABLE_OBJC_WEAK = YES;
				CLANG_WARN_BLOCK_CAPTURE_AUTORELEASING = YES;
				CLANG_WARN_BOOL_CONVERSION = YES;
				CLANG_WARN_COMMA = YES;
				CLANG_WARN_CONSTANT_CONVERSION = YES;
				CLANG_WARN_DEPRECATED_OBJC_IMPLEMENTATIONS = YES;
				CLANG_WARN_DIRECT_OBJC_ISA_USAGE = YES_ERROR;
				CLANG_WARN_DOCUMENTATION_COMMENTS = YES;
				CLANG_WARN_EMPTY_BODY = YES;
				CLANG_WARN_ENUM_CONVERSION = YES;
				CLANG_WARN_INFINITE_RECURSION = YES;
				CLANG_WARN_INT_CONVERSION = YES;
				CLANG_WARN_NON_LITERAL_NULL_CONVERSION = YES;
				CLANG_WARN_OBJC_IMPLICIT_RETAIN_SELF = YES;
				CLANG_WARN_OBJC_LITERAL_CONVERSION = YES;
				CLANG_WARN_OBJC_ROOT_CLASS = YES_ERROR;
				CLANG_WARN_QUOTED_INCLUDE_IN_FRAMEWORK_HEADER = YES;
				CLANG_WARN_RANGE_LOOP_ANALYSIS = YES;
				CLANG_WARN_STRICT_PROTOTYPES = YES;
				CLANG_WARN_SUSPICIOUS_MOVE = YES;
				CLANG_WARN_UNGUARDED_AVAILABILITY = YES_AGGRESSIVE;
				CLANG_WARN_UNREACHABLE_CODE = YES;
				CLANG_WARN__DUPLICATE_METHOD_MATCH = YES;
				COPY_PHASE_STRIP = NO;
				DEBUG_INFORMATION_FORMAT = "dwarf-with-dsym";
				ENABLE_NS_ASSERTIONS = NO;
				ENABLE_STRICT_OBJC_MSGSEND = YES;
				GCC_C_LANGUAGE_STANDARD = gnu11;
				GCC_NO_COMMON_BLOCKS = YES;
				GCC_WARN_64_TO_32_BIT_CONVERSION = YES;
				GCC_WARN_ABOUT_RETURN_TYPE = YES_ERROR;
				GCC_WARN_UNDECLARED_SELECTOR = YES;
				GCC_WARN_UNINITIALIZED_AUTOS = YES_AGGRESSIVE;
				GCC_WARN_UNUSED_FUNCTION = YES;
				GCC_WARN_UNUSED_VARIABLE = YES;
				INFOPLIST_KEY_UIUserInterfaceStyle = Light;
				IPHONEOS_DEPLOYMENT_TARGET = 14.5;
				MTL_ENABLE_DEBUG_INFO = NO;
				MTL_FAST_MATH = YES;
				SDKROOT = iphoneos;
				SWIFT_COMPILATION_MODE = wholemodule;
				SWIFT_OPTIMIZATION_LEVEL = "-O";
				VALIDATE_PRODUCT = YES;
			};
			name = Release;
		};
		BAAF5A5C26DBABD1001A2545 /* Debug */ = {
			isa = XCBuildConfiguration;
			baseConfigurationReference = FE6E4FCC5C1CB9CFADB99874 /* Pods-Exemplary App.debug.xcconfig */;
			buildSettings = {
				ASSETCATALOG_COMPILER_APPICON_NAME = AppIcon;
				ASSETCATALOG_COMPILER_GLOBAL_ACCENT_COLOR_NAME = AccentColor;
				ASSETCATALOG_COMPILER_INCLUDE_ALL_APPICON_ASSETS = NO;
				CODE_SIGN_STYLE = Automatic;
				DEVELOPMENT_TEAM = HQ597X4W3A;
				INFOPLIST_FILE = "Exemplary App/Info.plist";
				LD_RUNPATH_SEARCH_PATHS = (
					"$(inherited)",
					"@executable_path/Frameworks",
				);
				PRODUCT_BUNDLE_IDENTIFIER = "com.ivanilovgerman.Exemplary-App";
				PRODUCT_NAME = "$(TARGET_NAME)";
				SWIFT_VERSION = 5.0;
				TARGETED_DEVICE_FAMILY = 1;
			};
			name = Debug;
		};
		BAAF5A5D26DBABD1001A2545 /* Release */ = {
			isa = XCBuildConfiguration;
			baseConfigurationReference = CED41B0247C9B620EB17BDF4 /* Pods-Exemplary App.release.xcconfig */;
			buildSettings = {
				ASSETCATALOG_COMPILER_APPICON_NAME = AppIcon;
				ASSETCATALOG_COMPILER_GLOBAL_ACCENT_COLOR_NAME = AccentColor;
				ASSETCATALOG_COMPILER_INCLUDE_ALL_APPICON_ASSETS = NO;
				CODE_SIGN_STYLE = Automatic;
				DEVELOPMENT_TEAM = HQ597X4W3A;
				INFOPLIST_FILE = "Exemplary App/Info.plist";
				LD_RUNPATH_SEARCH_PATHS = (
					"$(inherited)",
					"@executable_path/Frameworks",
				);
				PRODUCT_BUNDLE_IDENTIFIER = "com.ivanilovgerman.Exemplary-App";
				PRODUCT_NAME = "$(TARGET_NAME)";
				SWIFT_VERSION = 5.0;
				TARGETED_DEVICE_FAMILY = 1;
			};
			name = Release;
		};
/* End XCBuildConfiguration section */

/* Begin XCConfigurationList section */
		BAAF5A4226DBABCD001A2545 /* Build configuration list for PBXProject "Exemplary App" */ = {
			isa = XCConfigurationList;
			buildConfigurations = (
				BAAF5A5926DBABD1001A2545 /* Debug */,
				BAAF5A5A26DBABD1001A2545 /* Release */,
			);
			defaultConfigurationIsVisible = 0;
			defaultConfigurationName = Release;
		};
		BAAF5A5B26DBABD1001A2545 /* Build configuration list for PBXNativeTarget "Exemplary App" */ = {
			isa = XCConfigurationList;
			buildConfigurations = (
				BAAF5A5C26DBABD1001A2545 /* Debug */,
				BAAF5A5D26DBABD1001A2545 /* Release */,
			);
			defaultConfigurationIsVisible = 0;
			defaultConfigurationName = Release;
		};
/* End XCConfigurationList section */

/* Begin XCVersionGroup section */
		BAB48CA82749569200ECB333 /* Exemplary_App.xcdatamodeld */ = {
			isa = XCVersionGroup;
			children = (
				BAB48CA92749569200ECB333 /* Exemplary_App.xcdatamodel */,
			);
			currentVersion = BAB48CA92749569200ECB333 /* Exemplary_App.xcdatamodel */;
			path = Exemplary_App.xcdatamodeld;
			sourceTree = "<group>";
			versionGroupType = wrapper.xcdatamodel;
		};
/* End XCVersionGroup section */
	};
	rootObject = BAAF5A3F26DBABCD001A2545 /* Project object */;
}
