// !$*UTF8*$!
{
	archiveVersion = 1;
	classes = {
	};
	objectVersion = 51;
	objects = {

/* Begin PBXBuildFile section */
		B7F9ACF2D87B38D87F914D44 /* Pods_Exemplary_App.framework in Frameworks */ = {isa = PBXBuildFile; fileRef = 3863D75FCB1A5BC69EF20808 /* Pods_Exemplary_App.framework */; };
		BA0DA637272983E400CEA2D6 /* Task.swift in Sources */ = {isa = PBXBuildFile; fileRef = BA0DA636272983E400CEA2D6 /* Task.swift */; };
		BA0DA63A27299B4800CEA2D6 /* TaskDate.swift in Sources */ = {isa = PBXBuildFile; fileRef = BA0DA63927299B4800CEA2D6 /* TaskDate.swift */; };
		BA1277C426EE6300006B4CEF /* DateFormatter.swift in Sources */ = {isa = PBXBuildFile; fileRef = BA1277C326EE6300006B4CEF /* DateFormatter.swift */; };
		BA28E110272DA301009223BA /* ToggleButton.swift in Sources */ = {isa = PBXBuildFile; fileRef = BA28E10F272DA300009223BA /* ToggleButton.swift */; };
		BA3BA4D82711C21B0095E9F9 /* Router.swift in Sources */ = {isa = PBXBuildFile; fileRef = BA3BA4D72711C21B0095E9F9 /* Router.swift */; };
		BA3BA4DB271207720095E9F9 /* Animator.swift in Sources */ = {isa = PBXBuildFile; fileRef = BA3BA4DA271207720095E9F9 /* Animator.swift */; };
		BA3BA4DE271207A60095E9F9 /* Transition.swift in Sources */ = {isa = PBXBuildFile; fileRef = BA3BA4DD271207A60095E9F9 /* Transition.swift */; };
		BA3BA4E0271207C90095E9F9 /* PushTransition.swift in Sources */ = {isa = PBXBuildFile; fileRef = BA3BA4DF271207C90095E9F9 /* PushTransition.swift */; };
		BA3BA4E2271207DB0095E9F9 /* ModalTransition.swift in Sources */ = {isa = PBXBuildFile; fileRef = BA3BA4E1271207DB0095E9F9 /* ModalTransition.swift */; };
		BA4154AB27161002003057A9 /* UIView.swift in Sources */ = {isa = PBXBuildFile; fileRef = BA4154AA27161002003057A9 /* UIView.swift */; };
		BA476C312709B48500A07DF3 /* Constants.swift in Sources */ = {isa = PBXBuildFile; fileRef = BA476C302709B48500A07DF3 /* Constants.swift */; };
		BA5A9CFE2737ED8100791BD3 /* Calendar.swift in Sources */ = {isa = PBXBuildFile; fileRef = BA5A9CFD2737ED8000791BD3 /* Calendar.swift */; };
		BA6881AD272ECF5400BBEB4B /* CalendarHelper.swift in Sources */ = {isa = PBXBuildFile; fileRef = BA6881AC272ECF5400BBEB4B /* CalendarHelper.swift */; };
		BA9618CF2726F4AB00D958A6 /* Localizable.strings in Resources */ = {isa = PBXBuildFile; fileRef = BA9618D12726F4AB00D958A6 /* Localizable.strings */; };
		BA9618DD27270AFA00D958A6 /* R.generated.swift in Sources */ = {isa = PBXBuildFile; fileRef = BA9618DC27270AFA00D958A6 /* R.generated.swift */; };
		BAAF5A4B26DBABCD001A2545 /* AppDelegate.swift in Sources */ = {isa = PBXBuildFile; fileRef = BAAF5A4A26DBABCD001A2545 /* AppDelegate.swift */; };
		BAAF5A4D26DBABCD001A2545 /* SceneDelegate.swift in Sources */ = {isa = PBXBuildFile; fileRef = BAAF5A4C26DBABCD001A2545 /* SceneDelegate.swift */; };
		BAAF5A5426DBABD1001A2545 /* Assets.xcassets in Resources */ = {isa = PBXBuildFile; fileRef = BAAF5A5326DBABD1001A2545 /* Assets.xcassets */; };
		BAAF5A5726DBABD1001A2545 /* LaunchScreen.storyboard in Resources */ = {isa = PBXBuildFile; fileRef = BAAF5A5526DBABD1001A2545 /* LaunchScreen.storyboard */; };
		BAAF5A6B26DBAE14001A2545 /* RootModule.swift in Sources */ = {isa = PBXBuildFile; fileRef = BAAF5A6A26DBAE14001A2545 /* RootModule.swift */; };
		BAAF5A6D26DBAE1F001A2545 /* RootPresenter.swift in Sources */ = {isa = PBXBuildFile; fileRef = BAAF5A6C26DBAE1F001A2545 /* RootPresenter.swift */; };
		BAAF5A6F26DBAE29001A2545 /* RootRouter.swift in Sources */ = {isa = PBXBuildFile; fileRef = BAAF5A6E26DBAE29001A2545 /* RootRouter.swift */; };
		BAAF5A7326DBAE9A001A2545 /* Theme.swift in Sources */ = {isa = PBXBuildFile; fileRef = BAAF5A7226DBAE9A001A2545 /* Theme.swift */; };
		BAAF5A7926DBB325001A2545 /* MainModule.swift in Sources */ = {isa = PBXBuildFile; fileRef = BAAF5A7826DBB325001A2545 /* MainModule.swift */; };
		BAAF5A7B26DBB35E001A2545 /* MainPresenter.swift in Sources */ = {isa = PBXBuildFile; fileRef = BAAF5A7A26DBB35E001A2545 /* MainPresenter.swift */; };
		BAAF5A7D26DBB36F001A2545 /* MainViewController.swift in Sources */ = {isa = PBXBuildFile; fileRef = BAAF5A7C26DBB36F001A2545 /* MainViewController.swift */; };
		BAAF5A7F26DBB381001A2545 /* MainRouter.swift in Sources */ = {isa = PBXBuildFile; fileRef = BAAF5A7E26DBB381001A2545 /* MainRouter.swift */; };
		BAAF5A8726DBF229001A2545 /* TaskTableViewCell.swift in Sources */ = {isa = PBXBuildFile; fileRef = BAAF5A8626DBF229001A2545 /* TaskTableViewCell.swift */; };
		BAB4D10D27281E0E0047676F /* InputTextView.swift in Sources */ = {isa = PBXBuildFile; fileRef = BAB4D10C27281E0E0047676F /* InputTextView.swift */; };
		BACC2B48273439DA001C3A46 /* Date.swift in Sources */ = {isa = PBXBuildFile; fileRef = BACC2B47273439DA001C3A46 /* Date.swift */; };
		BAE03D53271DB2B800F07F9D /* CreateTaskViewController.swift in Sources */ = {isa = PBXBuildFile; fileRef = BAE03D52271DB2B800F07F9D /* CreateTaskViewController.swift */; };
		BAE03D55271DB2C900F07F9D /* CreateTaskPresenter.swift in Sources */ = {isa = PBXBuildFile; fileRef = BAE03D54271DB2C900F07F9D /* CreateTaskPresenter.swift */; };
		BAE03D57271DB2D900F07F9D /* CreateTaskRouter.swift in Sources */ = {isa = PBXBuildFile; fileRef = BAE03D56271DB2D900F07F9D /* CreateTaskRouter.swift */; };
		BAE03D59271DB2E500F07F9D /* CreateTaskModule.swift in Sources */ = {isa = PBXBuildFile; fileRef = BAE03D58271DB2E500F07F9D /* CreateTaskModule.swift */; };
		BAE03D60271DB80500F07F9D /* BottomContainerRouter.swift in Sources */ = {isa = PBXBuildFile; fileRef = BAE03D5F271DB80500F07F9D /* BottomContainerRouter.swift */; };
		BAE03D62271DB86800F07F9D /* BottomContainerViewController.swift in Sources */ = {isa = PBXBuildFile; fileRef = BAE03D61271DB86800F07F9D /* BottomContainerViewController.swift */; };
		BAE03D64271DBB6300F07F9D /* BottomContainerModule.swift in Sources */ = {isa = PBXBuildFile; fileRef = BAE03D63271DBB6300F07F9D /* BottomContainerModule.swift */; };
		BAE03D66271DBBAF00F07F9D /* BottomContainerPresenter.swift in Sources */ = {isa = PBXBuildFile; fileRef = BAE03D65271DBBAF00F07F9D /* BottomContainerPresenter.swift */; };
		BAE8B30D272EBC3D00B73726 /* CalendarView.swift in Sources */ = {isa = PBXBuildFile; fileRef = BAE8B30C272EBC3D00B73726 /* CalendarView.swift */; };
		BAE8B30F272EC88300B73726 /* CalendarCollectionViewCell.swift in Sources */ = {isa = PBXBuildFile; fileRef = BAE8B30E272EC88300B73726 /* CalendarCollectionViewCell.swift */; };
		BAE92665272A98EE00CDAE4D /* SelectDateViewController.swift in Sources */ = {isa = PBXBuildFile; fileRef = BAE92661272A98EE00CDAE4D /* SelectDateViewController.swift */; };
		BAE92666272A98EE00CDAE4D /* SelectDateModule.swift in Sources */ = {isa = PBXBuildFile; fileRef = BAE92662272A98EE00CDAE4D /* SelectDateModule.swift */; };
		BAE92667272A98EE00CDAE4D /* SelectDatePresenter.swift in Sources */ = {isa = PBXBuildFile; fileRef = BAE92663272A98EE00CDAE4D /* SelectDatePresenter.swift */; };
		BAE92668272A98EE00CDAE4D /* SelectDateRouter.swift in Sources */ = {isa = PBXBuildFile; fileRef = BAE92664272A98EE00CDAE4D /* SelectDateRouter.swift */; };
		BAE9266F272AA2B400CDAE4D /* TwoButtonBar.swift in Sources */ = {isa = PBXBuildFile; fileRef = BAE9266E272AA2B400CDAE4D /* TwoButtonBar.swift */; };
/* End PBXBuildFile section */

/* Begin PBXFileReference section */
		3863D75FCB1A5BC69EF20808 /* Pods_Exemplary_App.framework */ = {isa = PBXFileReference; explicitFileType = wrapper.framework; includeInIndex = 0; path = Pods_Exemplary_App.framework; sourceTree = BUILT_PRODUCTS_DIR; };
		BA0DA636272983E400CEA2D6 /* Task.swift */ = {isa = PBXFileReference; lastKnownFileType = sourcecode.swift; path = Task.swift; sourceTree = "<group>"; };
		BA0DA63927299B4800CEA2D6 /* TaskDate.swift */ = {isa = PBXFileReference; lastKnownFileType = sourcecode.swift; path = TaskDate.swift; sourceTree = "<group>"; };
		BA1277C326EE6300006B4CEF /* DateFormatter.swift */ = {isa = PBXFileReference; lastKnownFileType = sourcecode.swift; path = DateFormatter.swift; sourceTree = "<group>"; };
		BA28E10F272DA300009223BA /* ToggleButton.swift */ = {isa = PBXFileReference; lastKnownFileType = sourcecode.swift; path = ToggleButton.swift; sourceTree = "<group>"; };
		BA3BA4D72711C21B0095E9F9 /* Router.swift */ = {isa = PBXFileReference; lastKnownFileType = sourcecode.swift; path = Router.swift; sourceTree = "<group>"; };
		BA3BA4DA271207720095E9F9 /* Animator.swift */ = {isa = PBXFileReference; lastKnownFileType = sourcecode.swift; path = Animator.swift; sourceTree = "<group>"; };
		BA3BA4DD271207A60095E9F9 /* Transition.swift */ = {isa = PBXFileReference; lastKnownFileType = sourcecode.swift; path = Transition.swift; sourceTree = "<group>"; };
		BA3BA4DF271207C90095E9F9 /* PushTransition.swift */ = {isa = PBXFileReference; lastKnownFileType = sourcecode.swift; path = PushTransition.swift; sourceTree = "<group>"; };
		BA3BA4E1271207DB0095E9F9 /* ModalTransition.swift */ = {isa = PBXFileReference; lastKnownFileType = sourcecode.swift; path = ModalTransition.swift; sourceTree = "<group>"; };
		BA4154AA27161002003057A9 /* UIView.swift */ = {isa = PBXFileReference; lastKnownFileType = sourcecode.swift; path = UIView.swift; sourceTree = "<group>"; };
		BA476C302709B48500A07DF3 /* Constants.swift */ = {isa = PBXFileReference; lastKnownFileType = sourcecode.swift; path = Constants.swift; sourceTree = "<group>"; };
		BA5A9CFD2737ED8000791BD3 /* Calendar.swift */ = {isa = PBXFileReference; lastKnownFileType = sourcecode.swift; path = Calendar.swift; sourceTree = "<group>"; };
		BA6881AC272ECF5400BBEB4B /* CalendarHelper.swift */ = {isa = PBXFileReference; lastKnownFileType = sourcecode.swift; path = CalendarHelper.swift; sourceTree = "<group>"; };
		BA9618D02726F4AB00D958A6 /* en */ = {isa = PBXFileReference; lastKnownFileType = text.plist.strings; name = en; path = en.lproj/Localizable.strings; sourceTree = "<group>"; };
		BA9618DC27270AFA00D958A6 /* R.generated.swift */ = {isa = PBXFileReference; fileEncoding = 4; lastKnownFileType = sourcecode.swift; path = R.generated.swift; sourceTree = SOURCE_ROOT; };
		BAAF5A4726DBABCD001A2545 /* Exemplary App.app */ = {isa = PBXFileReference; explicitFileType = wrapper.application; includeInIndex = 0; path = "Exemplary App.app"; sourceTree = BUILT_PRODUCTS_DIR; };
		BAAF5A4A26DBABCD001A2545 /* AppDelegate.swift */ = {isa = PBXFileReference; lastKnownFileType = sourcecode.swift; path = AppDelegate.swift; sourceTree = "<group>"; };
		BAAF5A4C26DBABCD001A2545 /* SceneDelegate.swift */ = {isa = PBXFileReference; lastKnownFileType = sourcecode.swift; path = SceneDelegate.swift; sourceTree = "<group>"; };
		BAAF5A5326DBABD1001A2545 /* Assets.xcassets */ = {isa = PBXFileReference; lastKnownFileType = folder.assetcatalog; path = Assets.xcassets; sourceTree = "<group>"; };
		BAAF5A5626DBABD1001A2545 /* Base */ = {isa = PBXFileReference; lastKnownFileType = file.storyboard; name = Base; path = Base.lproj/LaunchScreen.storyboard; sourceTree = "<group>"; };
		BAAF5A5826DBABD1001A2545 /* Info.plist */ = {isa = PBXFileReference; lastKnownFileType = text.plist.xml; path = Info.plist; sourceTree = "<group>"; };
		BAAF5A6A26DBAE14001A2545 /* RootModule.swift */ = {isa = PBXFileReference; lastKnownFileType = sourcecode.swift; path = RootModule.swift; sourceTree = "<group>"; };
		BAAF5A6C26DBAE1F001A2545 /* RootPresenter.swift */ = {isa = PBXFileReference; lastKnownFileType = sourcecode.swift; path = RootPresenter.swift; sourceTree = "<group>"; };
		BAAF5A6E26DBAE29001A2545 /* RootRouter.swift */ = {isa = PBXFileReference; lastKnownFileType = sourcecode.swift; path = RootRouter.swift; sourceTree = "<group>"; };
		BAAF5A7226DBAE9A001A2545 /* Theme.swift */ = {isa = PBXFileReference; lastKnownFileType = sourcecode.swift; path = Theme.swift; sourceTree = "<group>"; };
		BAAF5A7826DBB325001A2545 /* MainModule.swift */ = {isa = PBXFileReference; lastKnownFileType = sourcecode.swift; path = MainModule.swift; sourceTree = "<group>"; };
		BAAF5A7A26DBB35E001A2545 /* MainPresenter.swift */ = {isa = PBXFileReference; lastKnownFileType = sourcecode.swift; path = MainPresenter.swift; sourceTree = "<group>"; };
		BAAF5A7C26DBB36F001A2545 /* MainViewController.swift */ = {isa = PBXFileReference; lastKnownFileType = sourcecode.swift; path = MainViewController.swift; sourceTree = "<group>"; };
		BAAF5A7E26DBB381001A2545 /* MainRouter.swift */ = {isa = PBXFileReference; lastKnownFileType = sourcecode.swift; path = MainRouter.swift; sourceTree = "<group>"; };
		BAAF5A8626DBF229001A2545 /* TaskTableViewCell.swift */ = {isa = PBXFileReference; lastKnownFileType = sourcecode.swift; path = TaskTableViewCell.swift; sourceTree = "<group>"; };
		BAB4D10C27281E0E0047676F /* InputTextView.swift */ = {isa = PBXFileReference; lastKnownFileType = sourcecode.swift; path = InputTextView.swift; sourceTree = "<group>"; };
		BACC2B47273439DA001C3A46 /* Date.swift */ = {isa = PBXFileReference; lastKnownFileType = sourcecode.swift; path = Date.swift; sourceTree = "<group>"; };
		BAE03D52271DB2B800F07F9D /* CreateTaskViewController.swift */ = {isa = PBXFileReference; lastKnownFileType = sourcecode.swift; path = CreateTaskViewController.swift; sourceTree = "<group>"; };
		BAE03D54271DB2C900F07F9D /* CreateTaskPresenter.swift */ = {isa = PBXFileReference; lastKnownFileType = sourcecode.swift; name = CreateTaskPresenter.swift; path = "Exemplary App/Modules/CreateTask/View/CreateTaskPresenter.swift"; sourceTree = SOURCE_ROOT; };
		BAE03D56271DB2D900F07F9D /* CreateTaskRouter.swift */ = {isa = PBXFileReference; lastKnownFileType = sourcecode.swift; path = CreateTaskRouter.swift; sourceTree = "<group>"; };
		BAE03D58271DB2E500F07F9D /* CreateTaskModule.swift */ = {isa = PBXFileReference; lastKnownFileType = sourcecode.swift; path = CreateTaskModule.swift; sourceTree = "<group>"; };
		BAE03D5F271DB80500F07F9D /* BottomContainerRouter.swift */ = {isa = PBXFileReference; lastKnownFileType = sourcecode.swift; path = BottomContainerRouter.swift; sourceTree = "<group>"; };
		BAE03D61271DB86800F07F9D /* BottomContainerViewController.swift */ = {isa = PBXFileReference; lastKnownFileType = sourcecode.swift; path = BottomContainerViewController.swift; sourceTree = "<group>"; };
		BAE03D63271DBB6300F07F9D /* BottomContainerModule.swift */ = {isa = PBXFileReference; lastKnownFileType = sourcecode.swift; path = BottomContainerModule.swift; sourceTree = "<group>"; };
		BAE03D65271DBBAF00F07F9D /* BottomContainerPresenter.swift */ = {isa = PBXFileReference; lastKnownFileType = sourcecode.swift; path = BottomContainerPresenter.swift; sourceTree = "<group>"; };
		BAE8B30C272EBC3D00B73726 /* CalendarView.swift */ = {isa = PBXFileReference; lastKnownFileType = sourcecode.swift; path = CalendarView.swift; sourceTree = "<group>"; };
		BAE8B30E272EC88300B73726 /* CalendarCollectionViewCell.swift */ = {isa = PBXFileReference; lastKnownFileType = sourcecode.swift; path = CalendarCollectionViewCell.swift; sourceTree = "<group>"; };
		BAE92661272A98EE00CDAE4D /* SelectDateViewController.swift */ = {isa = PBXFileReference; lastKnownFileType = sourcecode.swift; path = SelectDateViewController.swift; sourceTree = "<group>"; };
		BAE92662272A98EE00CDAE4D /* SelectDateModule.swift */ = {isa = PBXFileReference; lastKnownFileType = sourcecode.swift; path = SelectDateModule.swift; sourceTree = "<group>"; };
		BAE92663272A98EE00CDAE4D /* SelectDatePresenter.swift */ = {isa = PBXFileReference; lastKnownFileType = sourcecode.swift; path = SelectDatePresenter.swift; sourceTree = "<group>"; };
		BAE92664272A98EE00CDAE4D /* SelectDateRouter.swift */ = {isa = PBXFileReference; lastKnownFileType = sourcecode.swift; path = SelectDateRouter.swift; sourceTree = "<group>"; };
		BAE9266E272AA2B400CDAE4D /* TwoButtonBar.swift */ = {isa = PBXFileReference; lastKnownFileType = sourcecode.swift; path = TwoButtonBar.swift; sourceTree = "<group>"; };
		CED41B0247C9B620EB17BDF4 /* Pods-Exemplary App.release.xcconfig */ = {isa = PBXFileReference; includeInIndex = 1; lastKnownFileType = text.xcconfig; name = "Pods-Exemplary App.release.xcconfig"; path = "Target Support Files/Pods-Exemplary App/Pods-Exemplary App.release.xcconfig"; sourceTree = "<group>"; };
		FE6E4FCC5C1CB9CFADB99874 /* Pods-Exemplary App.debug.xcconfig */ = {isa = PBXFileReference; includeInIndex = 1; lastKnownFileType = text.xcconfig; name = "Pods-Exemplary App.debug.xcconfig"; path = "Target Support Files/Pods-Exemplary App/Pods-Exemplary App.debug.xcconfig"; sourceTree = "<group>"; };
/* End PBXFileReference section */

/* Begin PBXFrameworksBuildPhase section */
		BAAF5A4426DBABCD001A2545 /* Frameworks */ = {
			isa = PBXFrameworksBuildPhase;
			buildActionMask = 2147483647;
			files = (
				B7F9ACF2D87B38D87F914D44 /* Pods_Exemplary_App.framework in Frameworks */,
			);
			runOnlyForDeploymentPostprocessing = 0;
		};
/* End PBXFrameworksBuildPhase section */

/* Begin PBXGroup section */
		3DD1DDE7E8E1E5DEAB49078A /* Frameworks */ = {
			isa = PBXGroup;
			children = (
				3863D75FCB1A5BC69EF20808 /* Pods_Exemplary_App.framework */,
			);
			name = Frameworks;
			sourceTree = "<group>";
		};
		9397701F2592043905848589 /* Pods */ = {
			isa = PBXGroup;
			children = (
				FE6E4FCC5C1CB9CFADB99874 /* Pods-Exemplary App.debug.xcconfig */,
				CED41B0247C9B620EB17BDF4 /* Pods-Exemplary App.release.xcconfig */,
			);
			path = Pods;
			sourceTree = "<group>";
		};
		BA0DA63827299B3A00CEA2D6 /* Entity */ = {
			isa = PBXGroup;
			children = (
				BA0DA636272983E400CEA2D6 /* Task.swift */,
				BA0DA63927299B4800CEA2D6 /* TaskDate.swift */,
			);
			path = Entity;
			sourceTree = "<group>";
		};
		BA0DA63D2729B32B00CEA2D6 /* SelectDate */ = {
			isa = PBXGroup;
			children = (
				BAE9266C272A996D00CDAE4D /* Module */,
				BAE9266B272A996400CDAE4D /* View */,
				BAE9266A272A995B00CDAE4D /* Presenter */,
				BAE92669272A995300CDAE4D /* Router */,
			);
			path = SelectDate;
			sourceTree = "<group>";
		};
		BA1277C026EE62D4006B4CEF /* Extensions */ = {
			isa = PBXGroup;
			children = (
				BA1277C326EE6300006B4CEF /* DateFormatter.swift */,
				BA4154AA27161002003057A9 /* UIView.swift */,
				BACC2B47273439DA001C3A46 /* Date.swift */,
				BA5A9CFD2737ED8000791BD3 /* Calendar.swift */,
			);
			path = Extensions;
			sourceTree = "<group>";
		};
		BA3BA4D92711C8760095E9F9 /* Routing */ = {
			isa = PBXGroup;
			children = (
				BA3BA4DC2712078E0095E9F9 /* Transitions */,
				BA3BA4D72711C21B0095E9F9 /* Router.swift */,
				BA3BA4DA271207720095E9F9 /* Animator.swift */,
			);
			path = Routing;
			sourceTree = "<group>";
		};
		BA3BA4DC2712078E0095E9F9 /* Transitions */ = {
			isa = PBXGroup;
			children = (
				BA3BA4DD271207A60095E9F9 /* Transition.swift */,
				BA3BA4DF271207C90095E9F9 /* PushTransition.swift */,
				BA3BA4E1271207DB0095E9F9 /* ModalTransition.swift */,
			);
			path = Transitions;
			sourceTree = "<group>";
		};
		BAAF5A3E26DBABCD001A2545 = {
			isa = PBXGroup;
			children = (
				BAAF5A4926DBABCD001A2545 /* Exemplary App */,
				BAAF5A4826DBABCD001A2545 /* Products */,
				9397701F2592043905848589 /* Pods */,
				3DD1DDE7E8E1E5DEAB49078A /* Frameworks */,
			);
			sourceTree = "<group>";
		};
		BAAF5A4826DBABCD001A2545 /* Products */ = {
			isa = PBXGroup;
			children = (
				BAAF5A4726DBABCD001A2545 /* Exemplary App.app */,
			);
			name = Products;
			sourceTree = "<group>";
		};
		BAAF5A4926DBABCD001A2545 /* Exemplary App */ = {
			isa = PBXGroup;
			children = (
				BAAF5A5E26DBABE1001A2545 /* Application */,
				BAAF5A5F26DBAC0A001A2545 /* Storage */,
				BAAF5A6026DBAC19001A2545 /* Modules */,
				BAAF5A6126DBAC27001A2545 /* Common */,
				BAAF5A6226DBAC2E001A2545 /* Resources */,
				BAAF5A5826DBABD1001A2545 /* Info.plist */,
				BAAF5A6326DBAC39001A2545 /* SupportingFiles */,
			);
			path = "Exemplary App";
			sourceTree = "<group>";
		};
		BAAF5A5E26DBABE1001A2545 /* Application */ = {
			isa = PBXGroup;
			children = (
				BAAF5A4A26DBABCD001A2545 /* AppDelegate.swift */,
				BAAF5A4C26DBABCD001A2545 /* SceneDelegate.swift */,
			);
			path = Application;
			sourceTree = "<group>";
		};
		BAAF5A5F26DBAC0A001A2545 /* Storage */ = {
			isa = PBXGroup;
			children = (
				BA0DA63827299B3A00CEA2D6 /* Entity */,
			);
			path = Storage;
			sourceTree = "<group>";
		};
		BAAF5A6026DBAC19001A2545 /* Modules */ = {
			isa = PBXGroup;
			children = (
				BA0DA63D2729B32B00CEA2D6 /* SelectDate */,
				BAE03D5A271DB75C00F07F9D /* BottomContainer */,
				BAE03D4D271DB24C00F07F9D /* CreateTask */,
				BAAF5A6626DBADE6001A2545 /* Root */,
				BAAF5A6426DBAC75001A2545 /* Main */,
			);
			path = Modules;
			sourceTree = "<group>";
		};
		BAAF5A6126DBAC27001A2545 /* Common */ = {
			isa = PBXGroup;
			children = (
				BA3BA4D92711C8760095E9F9 /* Routing */,
				BA1277C026EE62D4006B4CEF /* Extensions */,
				BAAF5A7026DBAE7D001A2545 /* Theme */,
				BAAF5A7126DBAE85001A2545 /* UI */,
			);
			path = Common;
			sourceTree = "<group>";
		};
		BAAF5A6226DBAC2E001A2545 /* Resources */ = {
			isa = PBXGroup;
			children = (
				BAAF5A5326DBABD1001A2545 /* Assets.xcassets */,
				BA9618D12726F4AB00D958A6 /* Localizable.strings */,
			);
			path = Resources;
			sourceTree = "<group>";
		};
		BAAF5A6326DBAC39001A2545 /* SupportingFiles */ = {
			isa = PBXGroup;
			children = (
				BA9618DC27270AFA00D958A6 /* R.generated.swift */,
				BAAF5A5526DBABD1001A2545 /* LaunchScreen.storyboard */,
				BA476C302709B48500A07DF3 /* Constants.swift */,
			);
			path = SupportingFiles;
			sourceTree = "<group>";
		};
		BAAF5A6426DBAC75001A2545 /* Main */ = {
			isa = PBXGroup;
			children = (
				BAAF5A7426DBB2CF001A2545 /* Module */,
				BAAF5A7726DBB303001A2545 /* View */,
				BAAF5A7526DBB2D5001A2545 /* Presenter */,
				BAAF5A7626DBB2E2001A2545 /* Router */,
			);
			path = Main;
			sourceTree = "<group>";
		};
		BAAF5A6626DBADE6001A2545 /* Root */ = {
			isa = PBXGroup;
			children = (
				BAAF5A6926DBADF8001A2545 /* Module */,
				BAAF5A6826DBADF3001A2545 /* Presenter */,
				BAAF5A6726DBADEA001A2545 /* Router */,
			);
			path = Root;
			sourceTree = "<group>";
		};
		BAAF5A6726DBADEA001A2545 /* Router */ = {
			isa = PBXGroup;
			children = (
				BAAF5A6E26DBAE29001A2545 /* RootRouter.swift */,
			);
			path = Router;
			sourceTree = "<group>";
		};
		BAAF5A6826DBADF3001A2545 /* Presenter */ = {
			isa = PBXGroup;
			children = (
				BAAF5A6C26DBAE1F001A2545 /* RootPresenter.swift */,
			);
			path = Presenter;
			sourceTree = "<group>";
		};
		BAAF5A6926DBADF8001A2545 /* Module */ = {
			isa = PBXGroup;
			children = (
				BAAF5A6A26DBAE14001A2545 /* RootModule.swift */,
			);
			path = Module;
			sourceTree = "<group>";
		};
		BAAF5A7026DBAE7D001A2545 /* Theme */ = {
			isa = PBXGroup;
			children = (
				BAAF5A7226DBAE9A001A2545 /* Theme.swift */,
			);
			path = Theme;
			sourceTree = "<group>";
		};
		BAAF5A7126DBAE85001A2545 /* UI */ = {
			isa = PBXGroup;
			children = (
				BAE8B30B272EBC0D00B73726 /* CalendarView */,
				BAE9266D272AA2A000CDAE4D /* TwoButtonBar */,
				BAB4D10B27281DC40047676F /* TextViews */,
				BAAF5A8326DBF1DB001A2545 /* Cells */,
			);
			path = UI;
			sourceTree = "<group>";
		};
		BAAF5A7426DBB2CF001A2545 /* Module */ = {
			isa = PBXGroup;
			children = (
				BAAF5A7826DBB325001A2545 /* MainModule.swift */,
			);
			path = Module;
			sourceTree = "<group>";
		};
		BAAF5A7526DBB2D5001A2545 /* Presenter */ = {
			isa = PBXGroup;
			children = (
				BAAF5A7A26DBB35E001A2545 /* MainPresenter.swift */,
			);
			path = Presenter;
			sourceTree = "<group>";
		};
		BAAF5A7626DBB2E2001A2545 /* Router */ = {
			isa = PBXGroup;
			children = (
				BAAF5A7E26DBB381001A2545 /* MainRouter.swift */,
			);
			path = Router;
			sourceTree = "<group>";
		};
		BAAF5A7726DBB303001A2545 /* View */ = {
			isa = PBXGroup;
			children = (
				BAAF5A7C26DBB36F001A2545 /* MainViewController.swift */,
			);
			path = View;
			sourceTree = "<group>";
		};
		BAAF5A8326DBF1DB001A2545 /* Cells */ = {
			isa = PBXGroup;
			children = (
				BAAF5A8626DBF229001A2545 /* TaskTableViewCell.swift */,
			);
			path = Cells;
			sourceTree = "<group>";
		};
		BAB4D10B27281DC40047676F /* TextViews */ = {
			isa = PBXGroup;
			children = (
				BAB4D10C27281E0E0047676F /* InputTextView.swift */,
			);
			path = TextViews;
			sourceTree = "<group>";
		};
		BAE03D4D271DB24C00F07F9D /* CreateTask */ = {
			isa = PBXGroup;
			children = (
				BAE03D51271DB27F00F07F9D /* Module */,
				BAE03D50271DB27800F07F9D /* View */,
				BAE03D4F271DB26E00F07F9D /* Presenter */,
				BAE03D4E271DB25C00F07F9D /* Router */,
			);
			path = CreateTask;
			sourceTree = "<group>";
		};
		BAE03D4E271DB25C00F07F9D /* Router */ = {
			isa = PBXGroup;
			children = (
				BAE03D56271DB2D900F07F9D /* CreateTaskRouter.swift */,
			);
			path = Router;
			sourceTree = "<group>";
		};
		BAE03D4F271DB26E00F07F9D /* Presenter */ = {
			isa = PBXGroup;
			children = (
				BAE03D54271DB2C900F07F9D /* CreateTaskPresenter.swift */,
			);
			path = Presenter;
			sourceTree = "<group>";
		};
		BAE03D50271DB27800F07F9D /* View */ = {
			isa = PBXGroup;
			children = (
				BAE03D52271DB2B800F07F9D /* CreateTaskViewController.swift */,
			);
			path = View;
			sourceTree = "<group>";
		};
		BAE03D51271DB27F00F07F9D /* Module */ = {
			isa = PBXGroup;
			children = (
				BAE03D58271DB2E500F07F9D /* CreateTaskModule.swift */,
			);
			path = Module;
			sourceTree = "<group>";
		};
		BAE03D5A271DB75C00F07F9D /* BottomContainer */ = {
			isa = PBXGroup;
			children = (
				BAE03D5E271DB7E800F07F9D /* Module */,
				BAE03D5D271DB7DE00F07F9D /* View */,
				BAE03D5C271DB7D600F07F9D /* Presenter */,
				BAE03D5B271DB7CA00F07F9D /* Router */,
			);
			path = BottomContainer;
			sourceTree = "<group>";
		};
		BAE03D5B271DB7CA00F07F9D /* Router */ = {
			isa = PBXGroup;
			children = (
				BAE03D5F271DB80500F07F9D /* BottomContainerRouter.swift */,
			);
			path = Router;
			sourceTree = "<group>";
		};
		BAE03D5C271DB7D600F07F9D /* Presenter */ = {
			isa = PBXGroup;
			children = (
				BAE03D65271DBBAF00F07F9D /* BottomContainerPresenter.swift */,
			);
			path = Presenter;
			sourceTree = "<group>";
		};
		BAE03D5D271DB7DE00F07F9D /* View */ = {
			isa = PBXGroup;
			children = (
				BAE03D61271DB86800F07F9D /* BottomContainerViewController.swift */,
			);
			path = View;
			sourceTree = "<group>";
		};
		BAE03D5E271DB7E800F07F9D /* Module */ = {
			isa = PBXGroup;
			children = (
				BAE03D63271DBB6300F07F9D /* BottomContainerModule.swift */,
			);
			path = Module;
			sourceTree = "<group>";
		};
		BAE8B30B272EBC0D00B73726 /* CalendarView */ = {
			isa = PBXGroup;
			children = (
				BAE8B30C272EBC3D00B73726 /* CalendarView.swift */,
				BAE8B30E272EC88300B73726 /* CalendarCollectionViewCell.swift */,
				BA6881AC272ECF5400BBEB4B /* CalendarHelper.swift */,
			);
			path = CalendarView;
			sourceTree = "<group>";
		};
		BAE92669272A995300CDAE4D /* Router */ = {
			isa = PBXGroup;
			children = (
				BAE92664272A98EE00CDAE4D /* SelectDateRouter.swift */,
			);
			path = Router;
			sourceTree = "<group>";
		};
		BAE9266A272A995B00CDAE4D /* Presenter */ = {
			isa = PBXGroup;
			children = (
				BAE92663272A98EE00CDAE4D /* SelectDatePresenter.swift */,
			);
			path = Presenter;
			sourceTree = "<group>";
		};
		BAE9266B272A996400CDAE4D /* View */ = {
			isa = PBXGroup;
			children = (
				BAE92661272A98EE00CDAE4D /* SelectDateViewController.swift */,
				BA28E10F272DA300009223BA /* ToggleButton.swift */,
			);
			path = View;
			sourceTree = "<group>";
		};
		BAE9266C272A996D00CDAE4D /* Module */ = {
			isa = PBXGroup;
			children = (
				BAE92662272A98EE00CDAE4D /* SelectDateModule.swift */,
			);
			path = Module;
			sourceTree = "<group>";
		};
		BAE9266D272AA2A000CDAE4D /* TwoButtonBar */ = {
			isa = PBXGroup;
			children = (
				BAE9266E272AA2B400CDAE4D /* TwoButtonBar.swift */,
			);
			path = TwoButtonBar;
			sourceTree = "<group>";
		};
/* End PBXGroup section */

/* Begin PBXNativeTarget section */
		BAAF5A4626DBABCD001A2545 /* Exemplary App */ = {
			isa = PBXNativeTarget;
			buildConfigurationList = BAAF5A5B26DBABD1001A2545 /* Build configuration list for PBXNativeTarget "Exemplary App" */;
			buildPhases = (
				33645C2C0DD41E17CCABC4FE /* [CP] Check Pods Manifest.lock */,
				BA9618DB27270A4500D958A6 /* R.swift */,
				BAAF5A4326DBABCD001A2545 /* Sources */,
				BAAF5A4426DBABCD001A2545 /* Frameworks */,
				BAAF5A4526DBABCD001A2545 /* Resources */,
				3C4F9CD414CF18CD2E6A944C /* [CP] Embed Pods Frameworks */,
			);
			buildRules = (
			);
			dependencies = (
			);
			name = "Exemplary App";
			productName = "Exemplary App";
			productReference = BAAF5A4726DBABCD001A2545 /* Exemplary App.app */;
			productType = "com.apple.product-type.application";
		};
/* End PBXNativeTarget section */

/* Begin PBXProject section */
		BAAF5A3F26DBABCD001A2545 /* Project object */ = {
			isa = PBXProject;
			attributes = {
				LastSwiftUpdateCheck = 1250;
				LastUpgradeCheck = 1250;
				TargetAttributes = {
					BAAF5A4626DBABCD001A2545 = {
						CreatedOnToolsVersion = 12.5.1;
					};
				};
			};
			buildConfigurationList = BAAF5A4226DBABCD001A2545 /* Build configuration list for PBXProject "Exemplary App" */;
			compatibilityVersion = "Xcode 9.3";
			developmentRegion = en;
			hasScannedForEncodings = 0;
			knownRegions = (
				en,
				Base,
			);
			mainGroup = BAAF5A3E26DBABCD001A2545;
			productRefGroup = BAAF5A4826DBABCD001A2545 /* Products */;
			projectDirPath = "";
			projectRoot = "";
			targets = (
				BAAF5A4626DBABCD001A2545 /* Exemplary App */,
			);
		};
/* End PBXProject section */

/* Begin PBXResourcesBuildPhase section */
		BAAF5A4526DBABCD001A2545 /* Resources */ = {
			isa = PBXResourcesBuildPhase;
			buildActionMask = 2147483647;
			files = (
				BAAF5A5726DBABD1001A2545 /* LaunchScreen.storyboard in Resources */,
				BA9618CF2726F4AB00D958A6 /* Localizable.strings in Resources */,
				BAAF5A5426DBABD1001A2545 /* Assets.xcassets in Resources */,
			);
			runOnlyForDeploymentPostprocessing = 0;
		};
/* End PBXResourcesBuildPhase section */

/* Begin PBXShellScriptBuildPhase section */
		33645C2C0DD41E17CCABC4FE /* [CP] Check Pods Manifest.lock */ = {
			isa = PBXShellScriptBuildPhase;
			buildActionMask = 2147483647;
			files = (
			);
			inputFileListPaths = (
			);
			inputPaths = (
				"${PODS_PODFILE_DIR_PATH}/Podfile.lock",
				"${PODS_ROOT}/Manifest.lock",
			);
			name = "[CP] Check Pods Manifest.lock";
			outputFileListPaths = (
			);
			outputPaths = (
				"$(DERIVED_FILE_DIR)/Pods-Exemplary App-checkManifestLockResult.txt",
			);
			runOnlyForDeploymentPostprocessing = 0;
			shellPath = /bin/sh;
			shellScript = "diff \"${PODS_PODFILE_DIR_PATH}/Podfile.lock\" \"${PODS_ROOT}/Manifest.lock\" > /dev/null\nif [ $? != 0 ] ; then\n    # print error to STDERR\n    echo \"error: The sandbox is not in sync with the Podfile.lock. Run 'pod install' or update your CocoaPods installation.\" >&2\n    exit 1\nfi\n# This output is used by Xcode 'outputs' to avoid re-running this script phase.\necho \"SUCCESS\" > \"${SCRIPT_OUTPUT_FILE_0}\"\n";
			showEnvVarsInLog = 0;
		};
		3C4F9CD414CF18CD2E6A944C /* [CP] Embed Pods Frameworks */ = {
			isa = PBXShellScriptBuildPhase;
			buildActionMask = 2147483647;
			files = (
			);
			inputFileListPaths = (
				"${PODS_ROOT}/Target Support Files/Pods-Exemplary App/Pods-Exemplary App-frameworks-${CONFIGURATION}-input-files.xcfilelist",
			);
			name = "[CP] Embed Pods Frameworks";
			outputFileListPaths = (
				"${PODS_ROOT}/Target Support Files/Pods-Exemplary App/Pods-Exemplary App-frameworks-${CONFIGURATION}-output-files.xcfilelist",
			);
			runOnlyForDeploymentPostprocessing = 0;
			shellPath = /bin/sh;
			shellScript = "\"${PODS_ROOT}/Target Support Files/Pods-Exemplary App/Pods-Exemplary App-frameworks.sh\"\n";
			showEnvVarsInLog = 0;
		};
		BA9618DB27270A4500D958A6 /* R.swift */ = {
			isa = PBXShellScriptBuildPhase;
			buildActionMask = 2147483647;
			files = (
			);
			inputFileListPaths = (
			);
			inputPaths = (
				"$TEMP_DIR/rswift-lastrun",
			);
			name = R.swift;
			outputFileListPaths = (
			);
			outputPaths = (
				$SRCROOT/R.generated.swift,
			);
			runOnlyForDeploymentPostprocessing = 0;
			shellPath = /bin/sh;
			shellScript = "if [ $ACTION != \"indexbuild\" ]; then\n  \"$PODS_ROOT/R.swift/rswift\" generate \"$SRCROOT/R.generated.swift\"\nfi\n";
		};
/* End PBXShellScriptBuildPhase section */

/* Begin PBXSourcesBuildPhase section */
		BAAF5A4326DBABCD001A2545 /* Sources */ = {
			isa = PBXSourcesBuildPhase;
			buildActionMask = 2147483647;
			files = (
				BA3BA4DE271207A60095E9F9 /* Transition.swift in Sources */,
				BA3BA4DB271207720095E9F9 /* Animator.swift in Sources */,
				BA3BA4E0271207C90095E9F9 /* PushTransition.swift in Sources */,
				BAE92667272A98EE00CDAE4D /* SelectDatePresenter.swift in Sources */,
				BAE92665272A98EE00CDAE4D /* SelectDateViewController.swift in Sources */,
				BAAF5A6D26DBAE1F001A2545 /* RootPresenter.swift in Sources */,
				BAE03D64271DBB6300F07F9D /* BottomContainerModule.swift in Sources */,
				BAAF5A6B26DBAE14001A2545 /* RootModule.swift in Sources */,
				BAB4D10D27281E0E0047676F /* InputTextView.swift in Sources */,
				BAAF5A4B26DBABCD001A2545 /* AppDelegate.swift in Sources */,
				BAE92666272A98EE00CDAE4D /* SelectDateModule.swift in Sources */,
				BAAF5A7B26DBB35E001A2545 /* MainPresenter.swift in Sources */,
				BAE03D57271DB2D900F07F9D /* CreateTaskRouter.swift in Sources */,
				BA5A9CFE2737ED8100791BD3 /* Calendar.swift in Sources */,
				BACC2B48273439DA001C3A46 /* Date.swift in Sources */,
				BA1277C426EE6300006B4CEF /* DateFormatter.swift in Sources */,
				BAE03D60271DB80500F07F9D /* BottomContainerRouter.swift in Sources */,
				BAE8B30F272EC88300B73726 /* CalendarCollectionViewCell.swift in Sources */,
				BA9618DD27270AFA00D958A6 /* R.generated.swift in Sources */,
				BA0DA637272983E400CEA2D6 /* Task.swift in Sources */,
				BA3BA4D82711C21B0095E9F9 /* Router.swift in Sources */,
				BAE03D55271DB2C900F07F9D /* CreateTaskPresenter.swift in Sources */,
				BAE9266F272AA2B400CDAE4D /* TwoButtonBar.swift in Sources */,
				BAE03D59271DB2E500F07F9D /* CreateTaskModule.swift in Sources */,
				BA28E110272DA301009223BA /* ToggleButton.swift in Sources */,
				BAAF5A6F26DBAE29001A2545 /* RootRouter.swift in Sources */,
				BAE03D53271DB2B800F07F9D /* CreateTaskViewController.swift in Sources */,
				BA6881AD272ECF5400BBEB4B /* CalendarHelper.swift in Sources */,
				BAE03D62271DB86800F07F9D /* BottomContainerViewController.swift in Sources */,
				BAAF5A7F26DBB381001A2545 /* MainRouter.swift in Sources */,
				BAE92668272A98EE00CDAE4D /* SelectDateRouter.swift in Sources */,
				BA4154AB27161002003057A9 /* UIView.swift in Sources */,
				BAE03D66271DBBAF00F07F9D /* BottomContainerPresenter.swift in Sources */,
				BAAF5A4D26DBABCD001A2545 /* SceneDelegate.swift in Sources */,
				BA3BA4E2271207DB0095E9F9 /* ModalTransition.swift in Sources */,
				BA0DA63A27299B4800CEA2D6 /* TaskDate.swift in Sources */,
				BAAF5A8726DBF229001A2545 /* TaskTableViewCell.swift in Sources */,
				BAAF5A7D26DBB36F001A2545 /* MainViewController.swift in Sources */,
				BA476C312709B48500A07DF3 /* Constants.swift in Sources */,
				BAE8B30D272EBC3D00B73726 /* CalendarView.swift in Sources */,
				BAAF5A7926DBB325001A2545 /* MainModule.swift in Sources */,
				BAAF5A7326DBAE9A001A2545 /* Theme.swift in Sources */,
			);
			runOnlyForDeploymentPostprocessing = 0;
		};
/* End PBXSourcesBuildPhase section */

/* Begin PBXVariantGroup section */
		BA9618D12726F4AB00D958A6 /* Localizable.strings */ = {
			isa = PBXVariantGroup;
			children = (
				BA9618D02726F4AB00D958A6 /* en */,
			);
			name = Localizable.strings;
			sourceTree = "<group>";
		};
		BAAF5A5526DBABD1001A2545 /* LaunchScreen.storyboard */ = {
			isa = PBXVariantGroup;
			children = (
				BAAF5A5626DBABD1001A2545 /* Base */,
			);
			name = LaunchScreen.storyboard;
			sourceTree = "<group>";
		};
/* End PBXVariantGroup section */

/* Begin XCBuildConfiguration section */
		BAAF5A5926DBABD1001A2545 /* Debug */ = {
			isa = XCBuildConfiguration;
			buildSettings = {
				ALWAYS_SEARCH_USER_PATHS = NO;
				CLANG_ANALYZER_LOCALIZABILITY_NONLOCALIZED = YES;
				CLANG_ANALYZER_NONNULL = YES;
				CLANG_ANALYZER_NUMBER_OBJECT_CONVERSION = YES_AGGRESSIVE;
				CLANG_CXX_LANGUAGE_STANDARD = "gnu++14";
				CLANG_CXX_LIBRARY = "libc++";
				CLANG_ENABLE_MODULES = YES;
				CLANG_ENABLE_OBJC_ARC = YES;
				CLANG_ENABLE_OBJC_WEAK = YES;
				CLANG_WARN_BLOCK_CAPTURE_AUTORELEASING = YES;
				CLANG_WARN_BOOL_CONVERSION = YES;
				CLANG_WARN_COMMA = YES;
				CLANG_WARN_CONSTANT_CONVERSION = YES;
				CLANG_WARN_DEPRECATED_OBJC_IMPLEMENTATIONS = YES;
				CLANG_WARN_DIRECT_OBJC_ISA_USAGE = YES_ERROR;
				CLANG_WARN_DOCUMENTATION_COMMENTS = YES;
				CLANG_WARN_EMPTY_BODY = YES;
				CLANG_WARN_ENUM_CONVERSION = YES;
				CLANG_WARN_INFINITE_RECURSION = YES;
				CLANG_WARN_INT_CONVERSION = YES;
				CLANG_WARN_NON_LITERAL_NULL_CONVERSION = YES;
				CLANG_WARN_OBJC_IMPLICIT_RETAIN_SELF = YES;
				CLANG_WARN_OBJC_LITERAL_CONVERSION = YES;
				CLANG_WARN_OBJC_ROOT_CLASS = YES_ERROR;
				CLANG_WARN_QUOTED_INCLUDE_IN_FRAMEWORK_HEADER = YES;
				CLANG_WARN_RANGE_LOOP_ANALYSIS = YES;
				CLANG_WARN_STRICT_PROTOTYPES = YES;
				CLANG_WARN_SUSPICIOUS_MOVE = YES;
				CLANG_WARN_UNGUARDED_AVAILABILITY = YES_AGGRESSIVE;
				CLANG_WARN_UNREACHABLE_CODE = YES;
				CLANG_WARN__DUPLICATE_METHOD_MATCH = YES;
				COPY_PHASE_STRIP = NO;
				DEBUG_INFORMATION_FORMAT = dwarf;
				ENABLE_STRICT_OBJC_MSGSEND = YES;
				ENABLE_TESTABILITY = YES;
				GCC_C_LANGUAGE_STANDARD = gnu11;
				GCC_DYNAMIC_NO_PIC = NO;
				GCC_NO_COMMON_BLOCKS = YES;
				GCC_OPTIMIZATION_LEVEL = 0;
				GCC_PREPROCESSOR_DEFINITIONS = (
					"DEBUG=1",
					"$(inherited)",
				);
				GCC_WARN_64_TO_32_BIT_CONVERSION = YES;
				GCC_WARN_ABOUT_RETURN_TYPE = YES_ERROR;
				GCC_WARN_UNDECLARED_SELECTOR = YES;
				GCC_WARN_UNINITIALIZED_AUTOS = YES_AGGRESSIVE;
				GCC_WARN_UNUSED_FUNCTION = YES;
				GCC_WARN_UNUSED_VARIABLE = YES;
				IPHONEOS_DEPLOYMENT_TARGET = 14.5;
				MTL_ENABLE_DEBUG_INFO = INCLUDE_SOURCE;
				MTL_FAST_MATH = YES;
				ONLY_ACTIVE_ARCH = YES;
				SDKROOT = iphoneos;
				SWIFT_ACTIVE_COMPILATION_CONDITIONS = DEBUG;
				SWIFT_OPTIMIZATION_LEVEL = "-Onone";
			};
			name = Debug;
		};
		BAAF5A5A26DBABD1001A2545 /* Release */ = {
			isa = XCBuildConfiguration;
			buildSettings = {
				ALWAYS_SEARCH_USER_PATHS = NO;
				CLANG_ANALYZER_LOCALIZABILITY_NONLOCALIZED = YES;
				CLANG_ANALYZER_NONNULL = YES;
				CLANG_ANALYZER_NUMBER_OBJECT_CONVERSION = YES_AGGRESSIVE;
				CLANG_CXX_LANGUAGE_STANDARD = "gnu++14";
				CLANG_CXX_LIBRARY = "libc++";
				CLANG_ENABLE_MODULES = YES;
				CLANG_ENABLE_OBJC_ARC = YES;
				CLANG_ENABLE_OBJC_WEAK = YES;
				CLANG_WARN_BLOCK_CAPTURE_AUTORELEASING = YES;
				CLANG_WARN_BOOL_CONVERSION = YES;
				CLANG_WARN_COMMA = YES;
				CLANG_WARN_CONSTANT_CONVERSION = YES;
				CLANG_WARN_DEPRECATED_OBJC_IMPLEMENTATIONS = YES;
				CLANG_WARN_DIRECT_OBJC_ISA_USAGE = YES_ERROR;
				CLANG_WARN_DOCUMENTATION_COMMENTS = YES;
				CLANG_WARN_EMPTY_BODY = YES;
				CLANG_WARN_ENUM_CONVERSION = YES;
				CLANG_WARN_INFINITE_RECURSION = YES;
				CLANG_WARN_INT_CONVERSION = YES;
				CLANG_WARN_NON_LITERAL_NULL_CONVERSION = YES;
				CLANG_WARN_OBJC_IMPLICIT_RETAIN_SELF = YES;
				CLANG_WARN_OBJC_LITERAL_CONVERSION = YES;
				CLANG_WARN_OBJC_ROOT_CLASS = YES_ERROR;
				CLANG_WARN_QUOTED_INCLUDE_IN_FRAMEWORK_HEADER = YES;
				CLANG_WARN_RANGE_LOOP_ANALYSIS = YES;
				CLANG_WARN_STRICT_PROTOTYPES = YES;
				CLANG_WARN_SUSPICIOUS_MOVE = YES;
				CLANG_WARN_UNGUARDED_AVAILABILITY = YES_AGGRESSIVE;
				CLANG_WARN_UNREACHABLE_CODE = YES;
				CLANG_WARN__DUPLICATE_METHOD_MATCH = YES;
				COPY_PHASE_STRIP = NO;
				DEBUG_INFORMATION_FORMAT = "dwarf-with-dsym";
				ENABLE_NS_ASSERTIONS = NO;
				ENABLE_STRICT_OBJC_MSGSEND = YES;
				GCC_C_LANGUAGE_STANDARD = gnu11;
				GCC_NO_COMMON_BLOCKS = YES;
				GCC_WARN_64_TO_32_BIT_CONVERSION = YES;
				GCC_WARN_ABOUT_RETURN_TYPE = YES_ERROR;
				GCC_WARN_UNDECLARED_SELECTOR = YES;
				GCC_WARN_UNINITIALIZED_AUTOS = YES_AGGRESSIVE;
				GCC_WARN_UNUSED_FUNCTION = YES;
				GCC_WARN_UNUSED_VARIABLE = YES;
				IPHONEOS_DEPLOYMENT_TARGET = 14.5;
				MTL_ENABLE_DEBUG_INFO = NO;
				MTL_FAST_MATH = YES;
				SDKROOT = iphoneos;
				SWIFT_COMPILATION_MODE = wholemodule;
				SWIFT_OPTIMIZATION_LEVEL = "-O";
				VALIDATE_PRODUCT = YES;
			};
			name = Release;
		};
		BAAF5A5C26DBABD1001A2545 /* Debug */ = {
			isa = XCBuildConfiguration;
			baseConfigurationReference = FE6E4FCC5C1CB9CFADB99874 /* Pods-Exemplary App.debug.xcconfig */;
			buildSettings = {
				ASSETCATALOG_COMPILER_APPICON_NAME = AppIcon;
				ASSETCATALOG_COMPILER_GLOBAL_ACCENT_COLOR_NAME = AccentColor;
				CODE_SIGN_STYLE = Automatic;
				DEVELOPMENT_TEAM = HQ597X4W3A;
				INFOPLIST_FILE = "Exemplary App/Info.plist";
				LD_RUNPATH_SEARCH_PATHS = (
					"$(inherited)",
					"@executable_path/Frameworks",
				);
				PRODUCT_BUNDLE_IDENTIFIER = "com.ivanilovgerman.Exemplary-App";
				PRODUCT_NAME = "$(TARGET_NAME)";
				SWIFT_VERSION = 5.0;
				TARGETED_DEVICE_FAMILY = "1,2";
			};
			name = Debug;
		};
		BAAF5A5D26DBABD1001A2545 /* Release */ = {
			isa = XCBuildConfiguration;
			baseConfigurationReference = CED41B0247C9B620EB17BDF4 /* Pods-Exemplary App.release.xcconfig */;
			buildSettings = {
				ASSETCATALOG_COMPILER_APPICON_NAME = AppIcon;
				ASSETCATALOG_COMPILER_GLOBAL_ACCENT_COLOR_NAME = AccentColor;
				CODE_SIGN_STYLE = Automatic;
				DEVELOPMENT_TEAM = HQ597X4W3A;
				INFOPLIST_FILE = "Exemplary App/Info.plist";
				LD_RUNPATH_SEARCH_PATHS = (
					"$(inherited)",
					"@executable_path/Frameworks",
				);
				PRODUCT_BUNDLE_IDENTIFIER = "com.ivanilovgerman.Exemplary-App";
				PRODUCT_NAME = "$(TARGET_NAME)";
				SWIFT_VERSION = 5.0;
				TARGETED_DEVICE_FAMILY = "1,2";
			};
			name = Release;
		};
/* End XCBuildConfiguration section */

/* Begin XCConfigurationList section */
		BAAF5A4226DBABCD001A2545 /* Build configuration list for PBXProject "Exemplary App" */ = {
			isa = XCConfigurationList;
			buildConfigurations = (
				BAAF5A5926DBABD1001A2545 /* Debug */,
				BAAF5A5A26DBABD1001A2545 /* Release */,
			);
			defaultConfigurationIsVisible = 0;
			defaultConfigurationName = Release;
		};
		BAAF5A5B26DBABD1001A2545 /* Build configuration list for PBXNativeTarget "Exemplary App" */ = {
			isa = XCConfigurationList;
			buildConfigurations = (
				BAAF5A5C26DBABD1001A2545 /* Debug */,
				BAAF5A5D26DBABD1001A2545 /* Release */,
			);
			defaultConfigurationIsVisible = 0;
			defaultConfigurationName = Release;
		};
/* End XCConfigurationList section */
	};
	rootObject = BAAF5A3F26DBABCD001A2545 /* Project object */;
}
